// !$*UTF8*$!
{
	archiveVersion = 1;
	classes = {
	};
	objectVersion = 46;
	objects = {

/* Begin PBXBuildFile section */
		3F12AFCB1E711CBB00B26D67 /* AppDelegate.swift in Sources */ = {isa = PBXBuildFile; fileRef = 3F12AFCA1E711CBB00B26D67 /* AppDelegate.swift */; };
		3F12AFCD1E711CBB00B26D67 /* HomeViewController.swift in Sources */ = {isa = PBXBuildFile; fileRef = 3F12AFCC1E711CBB00B26D67 /* HomeViewController.swift */; };
		3F12AFD01E711CBB00B26D67 /* Menu.storyboard in Resources */ = {isa = PBXBuildFile; fileRef = 3F12AFCE1E711CBB00B26D67 /* Menu.storyboard */; };
		3F12AFD31E711CBB00B26D67 /* SWSG.xcdatamodeld in Sources */ = {isa = PBXBuildFile; fileRef = 3F12AFD11E711CBB00B26D67 /* SWSG.xcdatamodeld */; };
		3F12AFD51E711CBB00B26D67 /* Assets.xcassets in Resources */ = {isa = PBXBuildFile; fileRef = 3F12AFD41E711CBB00B26D67 /* Assets.xcassets */; };
		3F12AFD81E711CBB00B26D67 /* LaunchScreen.storyboard in Resources */ = {isa = PBXBuildFile; fileRef = 3F12AFD61E711CBB00B26D67 /* LaunchScreen.storyboard */; };
		3F97951F1E7A6A58004BC26C /* Team.swift in Sources */ = {isa = PBXBuildFile; fileRef = 3F97951E1E7A6A58004BC26C /* Team.swift */; };
		3F9795441E7A8DBF004BC26C /* Config.swift in Sources */ = {isa = PBXBuildFile; fileRef = 3F9795231E7A8DBF004BC26C /* Config.swift */; };
		3F97954B1E7A8DBF004BC26C /* Extensions.swift in Sources */ = {isa = PBXBuildFile; fileRef = 3F97952A1E7A8DBF004BC26C /* Extensions.swift */; };
		3F97954D1E7A8DBF004BC26C /* InitialViewController.swift in Sources */ = {isa = PBXBuildFile; fileRef = 3F97952C1E7A8DBF004BC26C /* InitialViewController.swift */; };
		3F97954E1E7A8DBF004BC26C /* LoginSignup.storyboard in Resources */ = {isa = PBXBuildFile; fileRef = 3F97952D1E7A8DBF004BC26C /* LoginSignup.storyboard */; };
		3F97954F1E7A8DBF004BC26C /* LoginViewController.swift in Sources */ = {isa = PBXBuildFile; fileRef = 3F97952E1E7A8DBF004BC26C /* LoginViewController.swift */; };
		3F9795501E7A8DBF004BC26C /* Main.storyboard in Resources */ = {isa = PBXBuildFile; fileRef = 3F97952F1E7A8DBF004BC26C /* Main.storyboard */; };
		3F9795591E7A8DBF004BC26C /* Participant.swift in Sources */ = {isa = PBXBuildFile; fileRef = 3F9795381E7A8DBF004BC26C /* Participant.swift */; };
		3F97955B1E7A8DBF004BC26C /* SignUpTableViewController.swift in Sources */ = {isa = PBXBuildFile; fileRef = 3F97953A1E7A8DBF004BC26C /* SignUpTableViewController.swift */; };
		3F97955C1E7A8DBF004BC26C /* SignUpViewController.swift in Sources */ = {isa = PBXBuildFile; fileRef = 3F97953B1E7A8DBF004BC26C /* SignUpViewController.swift */; };
		3F97955D1E7A8DBF004BC26C /* Storage.swift in Sources */ = {isa = PBXBuildFile; fileRef = 3F97953C1E7A8DBF004BC26C /* Storage.swift */; };
		3F9795601E7A8DBF004BC26C /* UISubclasses.swift in Sources */ = {isa = PBXBuildFile; fileRef = 3F97953F1E7A8DBF004BC26C /* UISubclasses.swift */; };
		3F9795611E7A8DBF004BC26C /* User.swift in Sources */ = {isa = PBXBuildFile; fileRef = 3F9795401E7A8DBF004BC26C /* User.swift */; };
		3F9795621E7A8DBF004BC26C /* UserTypes.swift in Sources */ = {isa = PBXBuildFile; fileRef = 3F9795411E7A8DBF004BC26C /* UserTypes.swift */; };
		3F9795631E7A8DBF004BC26C /* Utility.swift in Sources */ = {isa = PBXBuildFile; fileRef = 3F9795421E7A8DBF004BC26C /* Utility.swift */; };
		3FC314601E77DB90009B21AB /* ConsultationDayCell.swift in Sources */ = {isa = PBXBuildFile; fileRef = 3FC3145F1E77DB90009B21AB /* ConsultationDayCell.swift */; };
		3FC314621E77DBAD009B21AB /* ConsultationSlotCell.swift in Sources */ = {isa = PBXBuildFile; fileRef = 3FC314611E77DBAD009B21AB /* ConsultationSlotCell.swift */; };
		3FC314641E77DD22009B21AB /* ConsultationSlot.swift in Sources */ = {isa = PBXBuildFile; fileRef = 3FC314631E77DD21009B21AB /* ConsultationSlot.swift */; };
		3FC314661E77DD7D009B21AB /* ConsultationSlotStatus.swift in Sources */ = {isa = PBXBuildFile; fileRef = 3FC314651E77DD7D009B21AB /* ConsultationSlotStatus.swift */; };
		3FC314681E77E1E3009B21AB /* Constants.swift in Sources */ = {isa = PBXBuildFile; fileRef = 3FC314671E77E1E2009B21AB /* Constants.swift */; };
		3FC3146A1E77EB84009B21AB /* MentorViewController.swift in Sources */ = {isa = PBXBuildFile; fileRef = 3FC314691E77EB84009B21AB /* MentorViewController.swift */; };
		3FC3146C1E7A5017009B21AB /* ConsultationDate.swift in Sources */ = {isa = PBXBuildFile; fileRef = 3FC3146B1E7A5017009B21AB /* ConsultationDate.swift */; };
		3FED30161E76FA0A00C007AD /* MenuViewController.swift in Sources */ = {isa = PBXBuildFile; fileRef = 3FED30151E76FA0A00C007AD /* MenuViewController.swift */; };
		3FED30181E76FBCE00C007AD /* MenuItems.swift in Sources */ = {isa = PBXBuildFile; fileRef = 3FED30171E76FBCE00C007AD /* MenuItems.swift */; };
		3FED301A1E76FC9A00C007AD /* MenuCell.swift in Sources */ = {isa = PBXBuildFile; fileRef = 3FED30191E76FC9A00C007AD /* MenuCell.swift */; };
		3FED301C1E77930200C007AD /* BaseViewController.swift in Sources */ = {isa = PBXBuildFile; fileRef = 3FED301B1E77930200C007AD /* BaseViewController.swift */; };
		3FED301F1E779A7300C007AD /* Main.storyboard in Resources */ = {isa = PBXBuildFile; fileRef = 3FED301E1E779A7300C007AD /* Main.storyboard */; };
		3FED30211E77A15300C007AD /* Mentor.storyboard in Resources */ = {isa = PBXBuildFile; fileRef = 3FED30201E77A15300C007AD /* Mentor.storyboard */; };
		3FED30231E77A2D400C007AD /* MentorCell.swift in Sources */ = {isa = PBXBuildFile; fileRef = 3FED30221E77A2D400C007AD /* MentorCell.swift */; };
		3FED30251E77A37300C007AD /* MentorGridViewController.swift in Sources */ = {isa = PBXBuildFile; fileRef = 3FED30241E77A37300C007AD /* MentorGridViewController.swift */; };
		3FED30271E77A57600C007AD /* Profile.swift in Sources */ = {isa = PBXBuildFile; fileRef = 3FED30261E77A57600C007AD /* Profile.swift */; };
		3FED30291E77A5CB00C007AD /* Mentor.swift in Sources */ = {isa = PBXBuildFile; fileRef = 3FED30281E77A5CB00C007AD /* Mentor.swift */; };
/* End PBXBuildFile section */

/* Begin PBXFileReference section */
		3F12AFC71E711CBB00B26D67 /* SWSG.app */ = {isa = PBXFileReference; explicitFileType = wrapper.application; includeInIndex = 0; path = SWSG.app; sourceTree = BUILT_PRODUCTS_DIR; };
		3F12AFCA1E711CBB00B26D67 /* AppDelegate.swift */ = {isa = PBXFileReference; lastKnownFileType = sourcecode.swift; path = AppDelegate.swift; sourceTree = "<group>"; };
		3F12AFCC1E711CBB00B26D67 /* HomeViewController.swift */ = {isa = PBXFileReference; lastKnownFileType = sourcecode.swift; path = HomeViewController.swift; sourceTree = "<group>"; };
		3F12AFCF1E711CBB00B26D67 /* Base */ = {isa = PBXFileReference; lastKnownFileType = file.storyboard; name = Base; path = Base.lproj/Menu.storyboard; sourceTree = "<group>"; };
		3F12AFD21E711CBB00B26D67 /* SWSG.xcdatamodel */ = {isa = PBXFileReference; lastKnownFileType = wrapper.xcdatamodel; path = SWSG.xcdatamodel; sourceTree = "<group>"; };
		3F12AFD41E711CBB00B26D67 /* Assets.xcassets */ = {isa = PBXFileReference; lastKnownFileType = folder.assetcatalog; path = Assets.xcassets; sourceTree = "<group>"; };
		3F12AFD71E711CBB00B26D67 /* Base */ = {isa = PBXFileReference; lastKnownFileType = file.storyboard; name = Base; path = Base.lproj/LaunchScreen.storyboard; sourceTree = "<group>"; };
		3F12AFD91E711CBB00B26D67 /* Info.plist */ = {isa = PBXFileReference; lastKnownFileType = text.plist.xml; path = Info.plist; sourceTree = "<group>"; };
		3F97951E1E7A6A58004BC26C /* Team.swift */ = {isa = PBXFileReference; fileEncoding = 4; lastKnownFileType = sourcecode.swift; path = Team.swift; sourceTree = "<group>"; };
		3F9795231E7A8DBF004BC26C /* Config.swift */ = {isa = PBXFileReference; fileEncoding = 4; lastKnownFileType = sourcecode.swift; path = Config.swift; sourceTree = "<group>"; };
		3F97952A1E7A8DBF004BC26C /* Extensions.swift */ = {isa = PBXFileReference; fileEncoding = 4; lastKnownFileType = sourcecode.swift; path = Extensions.swift; sourceTree = "<group>"; };
		3F97952C1E7A8DBF004BC26C /* InitialViewController.swift */ = {isa = PBXFileReference; fileEncoding = 4; lastKnownFileType = sourcecode.swift; path = InitialViewController.swift; sourceTree = "<group>"; };
		3F97952D1E7A8DBF004BC26C /* LoginSignup.storyboard */ = {isa = PBXFileReference; fileEncoding = 4; lastKnownFileType = file.storyboard; path = LoginSignup.storyboard; sourceTree = "<group>"; };
		3F97952E1E7A8DBF004BC26C /* LoginViewController.swift */ = {isa = PBXFileReference; fileEncoding = 4; lastKnownFileType = sourcecode.swift; path = LoginViewController.swift; sourceTree = "<group>"; };
		3F97952F1E7A8DBF004BC26C /* Main.storyboard */ = {isa = PBXFileReference; fileEncoding = 4; lastKnownFileType = file.storyboard; path = Main.storyboard; sourceTree = "<group>"; };
		3F9795381E7A8DBF004BC26C /* Participant.swift */ = {isa = PBXFileReference; fileEncoding = 4; lastKnownFileType = sourcecode.swift; path = Participant.swift; sourceTree = "<group>"; };
		3F97953A1E7A8DBF004BC26C /* SignUpTableViewController.swift */ = {isa = PBXFileReference; fileEncoding = 4; lastKnownFileType = sourcecode.swift; path = SignUpTableViewController.swift; sourceTree = "<group>"; };
		3F97953B1E7A8DBF004BC26C /* SignUpViewController.swift */ = {isa = PBXFileReference; fileEncoding = 4; lastKnownFileType = sourcecode.swift; path = SignUpViewController.swift; sourceTree = "<group>"; };
		3F97953C1E7A8DBF004BC26C /* Storage.swift */ = {isa = PBXFileReference; fileEncoding = 4; lastKnownFileType = sourcecode.swift; path = Storage.swift; sourceTree = "<group>"; };
		3F97953F1E7A8DBF004BC26C /* UISubclasses.swift */ = {isa = PBXFileReference; fileEncoding = 4; lastKnownFileType = sourcecode.swift; path = UISubclasses.swift; sourceTree = "<group>"; };
		3F9795401E7A8DBF004BC26C /* User.swift */ = {isa = PBXFileReference; fileEncoding = 4; lastKnownFileType = sourcecode.swift; path = User.swift; sourceTree = "<group>"; };
		3F9795411E7A8DBF004BC26C /* UserTypes.swift */ = {isa = PBXFileReference; fileEncoding = 4; lastKnownFileType = sourcecode.swift; path = UserTypes.swift; sourceTree = "<group>"; };
		3F9795421E7A8DBF004BC26C /* Utility.swift */ = {isa = PBXFileReference; fileEncoding = 4; lastKnownFileType = sourcecode.swift; path = Utility.swift; sourceTree = "<group>"; };
		3FC3145F1E77DB90009B21AB /* ConsultationDayCell.swift */ = {isa = PBXFileReference; fileEncoding = 4; lastKnownFileType = sourcecode.swift; path = ConsultationDayCell.swift; sourceTree = "<group>"; };
		3FC314611E77DBAD009B21AB /* ConsultationSlotCell.swift */ = {isa = PBXFileReference; fileEncoding = 4; lastKnownFileType = sourcecode.swift; path = ConsultationSlotCell.swift; sourceTree = "<group>"; };
		3FC314631E77DD21009B21AB /* ConsultationSlot.swift */ = {isa = PBXFileReference; fileEncoding = 4; lastKnownFileType = sourcecode.swift; path = ConsultationSlot.swift; sourceTree = "<group>"; };
		3FC314651E77DD7D009B21AB /* ConsultationSlotStatus.swift */ = {isa = PBXFileReference; fileEncoding = 4; lastKnownFileType = sourcecode.swift; path = ConsultationSlotStatus.swift; sourceTree = "<group>"; };
		3FC314671E77E1E2009B21AB /* Constants.swift */ = {isa = PBXFileReference; fileEncoding = 4; lastKnownFileType = sourcecode.swift; path = Constants.swift; sourceTree = "<group>"; };
		3FC314691E77EB84009B21AB /* MentorViewController.swift */ = {isa = PBXFileReference; fileEncoding = 4; lastKnownFileType = sourcecode.swift; path = MentorViewController.swift; sourceTree = "<group>"; };
		3FC3146B1E7A5017009B21AB /* ConsultationDate.swift */ = {isa = PBXFileReference; fileEncoding = 4; lastKnownFileType = sourcecode.swift; path = ConsultationDate.swift; sourceTree = "<group>"; };
		3FED30151E76FA0A00C007AD /* MenuViewController.swift */ = {isa = PBXFileReference; fileEncoding = 4; lastKnownFileType = sourcecode.swift; path = MenuViewController.swift; sourceTree = "<group>"; };
		3FED30171E76FBCE00C007AD /* MenuItems.swift */ = {isa = PBXFileReference; fileEncoding = 4; lastKnownFileType = sourcecode.swift; path = MenuItems.swift; sourceTree = "<group>"; };
		3FED30191E76FC9A00C007AD /* MenuCell.swift */ = {isa = PBXFileReference; fileEncoding = 4; lastKnownFileType = sourcecode.swift; path = MenuCell.swift; sourceTree = "<group>"; };
		3FED301B1E77930200C007AD /* BaseViewController.swift */ = {isa = PBXFileReference; fileEncoding = 4; lastKnownFileType = sourcecode.swift; path = BaseViewController.swift; sourceTree = "<group>"; };
		3FED301E1E779A7300C007AD /* Main.storyboard */ = {isa = PBXFileReference; fileEncoding = 4; lastKnownFileType = file.storyboard; path = Main.storyboard; sourceTree = "<group>"; };
		3FED30201E77A15300C007AD /* Mentor.storyboard */ = {isa = PBXFileReference; fileEncoding = 4; lastKnownFileType = file.storyboard; path = Mentor.storyboard; sourceTree = "<group>"; };
		3FED30221E77A2D400C007AD /* MentorCell.swift */ = {isa = PBXFileReference; fileEncoding = 4; lastKnownFileType = sourcecode.swift; path = MentorCell.swift; sourceTree = "<group>"; };
		3FED30241E77A37300C007AD /* MentorGridViewController.swift */ = {isa = PBXFileReference; fileEncoding = 4; lastKnownFileType = sourcecode.swift; path = MentorGridViewController.swift; sourceTree = "<group>"; };
		3FED30261E77A57600C007AD /* Profile.swift */ = {isa = PBXFileReference; fileEncoding = 4; lastKnownFileType = sourcecode.swift; path = Profile.swift; sourceTree = "<group>"; };
		3FED30281E77A5CB00C007AD /* Mentor.swift */ = {isa = PBXFileReference; fileEncoding = 4; lastKnownFileType = sourcecode.swift; path = Mentor.swift; sourceTree = "<group>"; };
/* End PBXFileReference section */

/* Begin PBXFrameworksBuildPhase section */
		3F12AFC41E711CBA00B26D67 /* Frameworks */ = {
			isa = PBXFrameworksBuildPhase;
			buildActionMask = 2147483647;
			files = (
			);
			runOnlyForDeploymentPostprocessing = 0;
		};
/* End PBXFrameworksBuildPhase section */

/* Begin PBXGroup section */
		3F12AFBE1E711CBA00B26D67 = {
			isa = PBXGroup;
			children = (
				3F12AFC91E711CBB00B26D67 /* SWSG */,
				3F12AFC81E711CBB00B26D67 /* Products */,
			);
			sourceTree = "<group>";
		};
		3F12AFC81E711CBB00B26D67 /* Products */ = {
			isa = PBXGroup;
			children = (
				3F12AFC71E711CBB00B26D67 /* SWSG.app */,
			);
			name = Products;
			sourceTree = "<group>";
		};
		3F12AFC91E711CBB00B26D67 /* SWSG */ = {
			isa = PBXGroup;
			children = (
				3F12AFCA1E711CBB00B26D67 /* AppDelegate.swift */,
				3FED301E1E779A7300C007AD /* Main.storyboard */,
				3F12AFCC1E711CBB00B26D67 /* HomeViewController.swift */,
				3F97952C1E7A8DBF004BC26C /* InitialViewController.swift */,
				3F97952F1E7A8DBF004BC26C /* Main.storyboard */,
				3F9795641E7A8E48004BC26C /* Login & Sign Up */,
				3F97953F1E7A8DBF004BC26C /* UISubclasses.swift */,
				3FED301D1E779A2100C007AD /* Menu */,
				3F12AFD41E711CBB00B26D67 /* Assets.xcassets */,
				3FED302B1E77A5FA00C007AD /* Mentor */,
				3FED302A1E77A5F300C007AD /* Model */,
				3F12AFD61E711CBB00B26D67 /* LaunchScreen.storyboard */,
				3F12AFD91E711CBB00B26D67 /* Info.plist */,
				3F12AFD11E711CBB00B26D67 /* SWSG.xcdatamodeld */,
			);
			path = SWSG;
			sourceTree = "<group>";
		};
		3F9795641E7A8E48004BC26C /* Login & Sign Up */ = {
			isa = PBXGroup;
			children = (
				3F97952D1E7A8DBF004BC26C /* LoginSignup.storyboard */,
				3F97952E1E7A8DBF004BC26C /* LoginViewController.swift */,
				3F97953A1E7A8DBF004BC26C /* SignUpTableViewController.swift */,
				3F97953B1E7A8DBF004BC26C /* SignUpViewController.swift */,
			);
			name = "Login & Sign Up";
			sourceTree = "<group>";
		};
		3F9795651E7A8FFE004BC26C /* Utilities */ = {
			isa = PBXGroup;
			children = (
				3F9795231E7A8DBF004BC26C /* Config.swift */,
				3F97952A1E7A8DBF004BC26C /* Extensions.swift */,
				3F9795421E7A8DBF004BC26C /* Utility.swift */,
				3FC314671E77E1E2009B21AB /* Constants.swift */,
			);
			name = Utilities;
			sourceTree = "<group>";
		};
		3F9795661E7A9005004BC26C /* Mentor */ = {
			isa = PBXGroup;
			children = (
				3FED30281E77A5CB00C007AD /* Mentor.swift */,
				3FC314631E77DD21009B21AB /* ConsultationSlot.swift */,
				3FC3146B1E7A5017009B21AB /* ConsultationDate.swift */,
				3FC314651E77DD7D009B21AB /* ConsultationSlotStatus.swift */,
			);
			name = Mentor;
			sourceTree = "<group>";
		};
		3F9795671E7A9010004BC26C /* Users */ = {
			isa = PBXGroup;
			children = (
				3FED30261E77A57600C007AD /* Profile.swift */,
				3F97951E1E7A6A58004BC26C /* Team.swift */,
				3F9795381E7A8DBF004BC26C /* Participant.swift */,
				3F9795401E7A8DBF004BC26C /* User.swift */,
				3F9795411E7A8DBF004BC26C /* UserTypes.swift */,
			);
			name = Users;
			sourceTree = "<group>";
		};
		3FED301D1E779A2100C007AD /* Menu */ = {
			isa = PBXGroup;
			children = (
				3F12AFCE1E711CBB00B26D67 /* Menu.storyboard */,
				3FED30151E76FA0A00C007AD /* MenuViewController.swift */,
				3FED301B1E77930200C007AD /* BaseViewController.swift */,
				3FED30171E76FBCE00C007AD /* MenuItems.swift */,
				3FED30191E76FC9A00C007AD /* MenuCell.swift */,
			);
			name = Menu;
			sourceTree = "<group>";
		};
		3FED302A1E77A5F300C007AD /* Model */ = {
			isa = PBXGroup;
			children = (
				3F9795661E7A9005004BC26C /* Mentor */,
				3F9795671E7A9010004BC26C /* Users */,
				3F9795651E7A8FFE004BC26C /* Utilities */,
				3F97953C1E7A8DBF004BC26C /* Storage.swift */,
			);
			name = Model;
			sourceTree = "<group>";
		};
		3FED302B1E77A5FA00C007AD /* Mentor */ = {
			isa = PBXGroup;
			children = (
				3FED30201E77A15300C007AD /* Mentor.storyboard */,
				3FED30221E77A2D400C007AD /* MentorCell.swift */,
				3FC3145F1E77DB90009B21AB /* ConsultationDayCell.swift */,
				3FC314611E77DBAD009B21AB /* ConsultationSlotCell.swift */,
				3FC314691E77EB84009B21AB /* MentorViewController.swift */,
				3FED30241E77A37300C007AD /* MentorGridViewController.swift */,
			);
			name = Mentor;
			sourceTree = "<group>";
		};
/* End PBXGroup section */

/* Begin PBXNativeTarget section */
		3F12AFC61E711CBA00B26D67 /* SWSG */ = {
			isa = PBXNativeTarget;
			buildConfigurationList = 3F12AFDC1E711CBB00B26D67 /* Build configuration list for PBXNativeTarget "SWSG" */;
			buildPhases = (
				3F12AFC31E711CBA00B26D67 /* Sources */,
				3F12AFC41E711CBA00B26D67 /* Frameworks */,
				3F12AFC51E711CBA00B26D67 /* Resources */,
			);
			buildRules = (
			);
			dependencies = (
			);
			name = SWSG;
			productName = SWSG;
			productReference = 3F12AFC71E711CBB00B26D67 /* SWSG.app */;
			productType = "com.apple.product-type.application";
		};
/* End PBXNativeTarget section */

/* Begin PBXProject section */
		3F12AFBF1E711CBA00B26D67 /* Project object */ = {
			isa = PBXProject;
			attributes = {
				LastSwiftUpdateCheck = 0820;
				LastUpgradeCheck = 0820;
				ORGANIZATIONNAME = nus.cs3217.swsg;
				TargetAttributes = {
					3F12AFC61E711CBA00B26D67 = {
						CreatedOnToolsVersion = 8.2.1;
						ProvisioningStyle = Automatic;
					};
				};
			};
			buildConfigurationList = 3F12AFC21E711CBA00B26D67 /* Build configuration list for PBXProject "SWSG" */;
			compatibilityVersion = "Xcode 3.2";
			developmentRegion = English;
			hasScannedForEncodings = 0;
			knownRegions = (
				en,
				Base,
			);
			mainGroup = 3F12AFBE1E711CBA00B26D67;
			productRefGroup = 3F12AFC81E711CBB00B26D67 /* Products */;
			projectDirPath = "";
			projectRoot = "";
			targets = (
				3F12AFC61E711CBA00B26D67 /* SWSG */,
			);
		};
/* End PBXProject section */

/* Begin PBXResourcesBuildPhase section */
		3F12AFC51E711CBA00B26D67 /* Resources */ = {
			isa = PBXResourcesBuildPhase;
			buildActionMask = 2147483647;
			files = (
				3F9795501E7A8DBF004BC26C /* Main.storyboard in Resources */,
				3F12AFD81E711CBB00B26D67 /* LaunchScreen.storyboard in Resources */,
				3F12AFD51E711CBB00B26D67 /* Assets.xcassets in Resources */,
				3FED30211E77A15300C007AD /* Mentor.storyboard in Resources */,
				3F12AFD01E711CBB00B26D67 /* Menu.storyboard in Resources */,
				3F97954E1E7A8DBF004BC26C /* LoginSignup.storyboard in Resources */,
				3FED301F1E779A7300C007AD /* Main.storyboard in Resources */,
			);
			runOnlyForDeploymentPostprocessing = 0;
		};
/* End PBXResourcesBuildPhase section */

/* Begin PBXSourcesBuildPhase section */
		3F12AFC31E711CBA00B26D67 /* Sources */ = {
			isa = PBXSourcesBuildPhase;
			buildActionMask = 2147483647;
			files = (
				3F97955D1E7A8DBF004BC26C /* Storage.swift in Sources */,
				3FED30231E77A2D400C007AD /* MentorCell.swift in Sources */,
				3FED30271E77A57600C007AD /* Profile.swift in Sources */,
				3F97951F1E7A6A58004BC26C /* Team.swift in Sources */,
				3F97955C1E7A8DBF004BC26C /* SignUpViewController.swift in Sources */,
				3F97954D1E7A8DBF004BC26C /* InitialViewController.swift in Sources */,
				3F9795631E7A8DBF004BC26C /* Utility.swift in Sources */,
				3F12AFD31E711CBB00B26D67 /* SWSG.xcdatamodeld in Sources */,
				3F12AFCD1E711CBB00B26D67 /* HomeViewController.swift in Sources */,
				3F97954B1E7A8DBF004BC26C /* Extensions.swift in Sources */,
				3FED30251E77A37300C007AD /* MentorGridViewController.swift in Sources */,
				3F97954F1E7A8DBF004BC26C /* LoginViewController.swift in Sources */,
				3FC314621E77DBAD009B21AB /* ConsultationSlotCell.swift in Sources */,
				3F9795611E7A8DBF004BC26C /* User.swift in Sources */,
				3FC3146A1E77EB84009B21AB /* MentorViewController.swift in Sources */,
				3FC314601E77DB90009B21AB /* ConsultationDayCell.swift in Sources */,
				3FC314681E77E1E3009B21AB /* Constants.swift in Sources */,
				3F9795601E7A8DBF004BC26C /* UISubclasses.swift in Sources */,
				3F97955B1E7A8DBF004BC26C /* SignUpTableViewController.swift in Sources */,
				3FC3146C1E7A5017009B21AB /* ConsultationDate.swift in Sources */,
				3FED301A1E76FC9A00C007AD /* MenuCell.swift in Sources */,
				3F9795591E7A8DBF004BC26C /* Participant.swift in Sources */,
				3FED30181E76FBCE00C007AD /* MenuItems.swift in Sources */,
				3F9795441E7A8DBF004BC26C /* Config.swift in Sources */,
				3F12AFCB1E711CBB00B26D67 /* AppDelegate.swift in Sources */,
				3FED30291E77A5CB00C007AD /* Mentor.swift in Sources */,
				3FC314661E77DD7D009B21AB /* ConsultationSlotStatus.swift in Sources */,
				3FED301C1E77930200C007AD /* BaseViewController.swift in Sources */,
				3FC314641E77DD22009B21AB /* ConsultationSlot.swift in Sources */,
				3FED30161E76FA0A00C007AD /* MenuViewController.swift in Sources */,
				3F9795621E7A8DBF004BC26C /* UserTypes.swift in Sources */,
			);
			runOnlyForDeploymentPostprocessing = 0;
		};
/* End PBXSourcesBuildPhase section */

/* Begin PBXVariantGroup section */
		3F12AFCE1E711CBB00B26D67 /* Menu.storyboard */ = {
			isa = PBXVariantGroup;
			children = (
				3F12AFCF1E711CBB00B26D67 /* Base */,
			);
			name = Menu.storyboard;
			sourceTree = "<group>";
		};
		3F12AFD61E711CBB00B26D67 /* LaunchScreen.storyboard */ = {
			isa = PBXVariantGroup;
			children = (
				3F12AFD71E711CBB00B26D67 /* Base */,
			);
			name = LaunchScreen.storyboard;
			sourceTree = "<group>";
		};
/* End PBXVariantGroup section */

/* Begin XCBuildConfiguration section */
		3F12AFDA1E711CBB00B26D67 /* Debug */ = {
			isa = XCBuildConfiguration;
			buildSettings = {
				ALWAYS_SEARCH_USER_PATHS = NO;
				CLANG_ANALYZER_NONNULL = YES;
				CLANG_CXX_LANGUAGE_STANDARD = "gnu++0x";
				CLANG_CXX_LIBRARY = "libc++";
				CLANG_ENABLE_MODULES = YES;
				CLANG_ENABLE_OBJC_ARC = YES;
				CLANG_WARN_BOOL_CONVERSION = YES;
				CLANG_WARN_CONSTANT_CONVERSION = YES;
				CLANG_WARN_DIRECT_OBJC_ISA_USAGE = YES_ERROR;
				CLANG_WARN_DOCUMENTATION_COMMENTS = YES;
				CLANG_WARN_EMPTY_BODY = YES;
				CLANG_WARN_ENUM_CONVERSION = YES;
				CLANG_WARN_INFINITE_RECURSION = YES;
				CLANG_WARN_INT_CONVERSION = YES;
				CLANG_WARN_OBJC_ROOT_CLASS = YES_ERROR;
				CLANG_WARN_SUSPICIOUS_MOVE = YES;
				CLANG_WARN_UNREACHABLE_CODE = YES;
				CLANG_WARN__DUPLICATE_METHOD_MATCH = YES;
				"CODE_SIGN_IDENTITY[sdk=iphoneos*]" = "iPhone Developer";
				COPY_PHASE_STRIP = NO;
				DEBUG_INFORMATION_FORMAT = dwarf;
				ENABLE_STRICT_OBJC_MSGSEND = YES;
				ENABLE_TESTABILITY = YES;
				GCC_C_LANGUAGE_STANDARD = gnu99;
				GCC_DYNAMIC_NO_PIC = NO;
				GCC_NO_COMMON_BLOCKS = YES;
				GCC_OPTIMIZATION_LEVEL = 0;
				GCC_PREPROCESSOR_DEFINITIONS = (
					"DEBUG=1",
					"$(inherited)",
				);
				GCC_WARN_64_TO_32_BIT_CONVERSION = YES;
				GCC_WARN_ABOUT_RETURN_TYPE = YES_ERROR;
				GCC_WARN_UNDECLARED_SELECTOR = YES;
				GCC_WARN_UNINITIALIZED_AUTOS = YES_AGGRESSIVE;
				GCC_WARN_UNUSED_FUNCTION = YES;
				GCC_WARN_UNUSED_VARIABLE = YES;
				IPHONEOS_DEPLOYMENT_TARGET = 10.2;
				MTL_ENABLE_DEBUG_INFO = YES;
				ONLY_ACTIVE_ARCH = YES;
				SDKROOT = iphoneos;
				SWIFT_ACTIVE_COMPILATION_CONDITIONS = DEBUG;
				SWIFT_OPTIMIZATION_LEVEL = "-Onone";
			};
			name = Debug;
		};
		3F12AFDB1E711CBB00B26D67 /* Release */ = {
			isa = XCBuildConfiguration;
			buildSettings = {
				ALWAYS_SEARCH_USER_PATHS = NO;
				CLANG_ANALYZER_NONNULL = YES;
				CLANG_CXX_LANGUAGE_STANDARD = "gnu++0x";
				CLANG_CXX_LIBRARY = "libc++";
				CLANG_ENABLE_MODULES = YES;
				CLANG_ENABLE_OBJC_ARC = YES;
				CLANG_WARN_BOOL_CONVERSION = YES;
				CLANG_WARN_CONSTANT_CONVERSION = YES;
				CLANG_WARN_DIRECT_OBJC_ISA_USAGE = YES_ERROR;
				CLANG_WARN_DOCUMENTATION_COMMENTS = YES;
				CLANG_WARN_EMPTY_BODY = YES;
				CLANG_WARN_ENUM_CONVERSION = YES;
				CLANG_WARN_INFINITE_RECURSION = YES;
				CLANG_WARN_INT_CONVERSION = YES;
				CLANG_WARN_OBJC_ROOT_CLASS = YES_ERROR;
				CLANG_WARN_SUSPICIOUS_MOVE = YES;
				CLANG_WARN_UNREACHABLE_CODE = YES;
				CLANG_WARN__DUPLICATE_METHOD_MATCH = YES;
				"CODE_SIGN_IDENTITY[sdk=iphoneos*]" = "iPhone Developer";
				COPY_PHASE_STRIP = NO;
				DEBUG_INFORMATION_FORMAT = "dwarf-with-dsym";
				ENABLE_NS_ASSERTIONS = NO;
				ENABLE_STRICT_OBJC_MSGSEND = YES;
				GCC_C_LANGUAGE_STANDARD = gnu99;
				GCC_NO_COMMON_BLOCKS = YES;
				GCC_WARN_64_TO_32_BIT_CONVERSION = YES;
				GCC_WARN_ABOUT_RETURN_TYPE = YES_ERROR;
				GCC_WARN_UNDECLARED_SELECTOR = YES;
				GCC_WARN_UNINITIALIZED_AUTOS = YES_AGGRESSIVE;
				GCC_WARN_UNUSED_FUNCTION = YES;
				GCC_WARN_UNUSED_VARIABLE = YES;
				IPHONEOS_DEPLOYMENT_TARGET = 10.2;
				MTL_ENABLE_DEBUG_INFO = NO;
				SDKROOT = iphoneos;
				SWIFT_OPTIMIZATION_LEVEL = "-Owholemodule";
				VALIDATE_PRODUCT = YES;
			};
			name = Release;
		};
		3F12AFDD1E711CBB00B26D67 /* Debug */ = {
			isa = XCBuildConfiguration;
			buildSettings = {
				ASSETCATALOG_COMPILER_APPICON_NAME = AppIcon;
				INFOPLIST_FILE = SWSG/Info.plist;
				LD_RUNPATH_SEARCH_PATHS = "$(inherited) @executable_path/Frameworks";
				PRODUCT_BUNDLE_IDENTIFIER = nus.cs3217.swsg.SWSG;
				PRODUCT_NAME = "$(TARGET_NAME)";
				SWIFT_VERSION = 3.0;
			};
			name = Debug;
		};
		3F12AFDE1E711CBB00B26D67 /* Release */ = {
			isa = XCBuildConfiguration;
			buildSettings = {
				ASSETCATALOG_COMPILER_APPICON_NAME = AppIcon;
				INFOPLIST_FILE = SWSG/Info.plist;
				LD_RUNPATH_SEARCH_PATHS = "$(inherited) @executable_path/Frameworks";
				PRODUCT_BUNDLE_IDENTIFIER = nus.cs3217.swsg.SWSG;
				PRODUCT_NAME = "$(TARGET_NAME)";
				SWIFT_VERSION = 3.0;
			};
			name = Release;
		};
/* End XCBuildConfiguration section */

/* Begin XCConfigurationList section */
		3F12AFC21E711CBA00B26D67 /* Build configuration list for PBXProject "SWSG" */ = {
			isa = XCConfigurationList;
			buildConfigurations = (
				3F12AFDA1E711CBB00B26D67 /* Debug */,
				3F12AFDB1E711CBB00B26D67 /* Release */,
			);
			defaultConfigurationIsVisible = 0;
			defaultConfigurationName = Release;
		};
		3F12AFDC1E711CBB00B26D67 /* Build configuration list for PBXNativeTarget "SWSG" */ = {
			isa = XCConfigurationList;
			buildConfigurations = (
				3F12AFDD1E711CBB00B26D67 /* Debug */,
				3F12AFDE1E711CBB00B26D67 /* Release */,
			);
			defaultConfigurationIsVisible = 0;
			defaultConfigurationName = Release;
		};
/* End XCConfigurationList section */

/* Begin XCVersionGroup section */
		3F12AFD11E711CBB00B26D67 /* SWSG.xcdatamodeld */ = {
			isa = XCVersionGroup;
			children = (
				3F12AFD21E711CBB00B26D67 /* SWSG.xcdatamodel */,
			);
			currentVersion = 3F12AFD21E711CBB00B26D67 /* SWSG.xcdatamodel */;
			path = SWSG.xcdatamodeld;
			sourceTree = "<group>";
			versionGroupType = wrapper.xcdatamodel;
		};
/* End XCVersionGroup section */
	};
	rootObject = 3F12AFBF1E711CBA00B26D67 /* Project object */;
}
