// !$*UTF8*$!
{
	archiveVersion = 1;
	classes = {
	};
	objectVersion = 46;
	objects = {

/* Begin PBXBuildFile section */
		3F12AFCB1E711CBB00B26D67 /* AppDelegate.swift in Sources */ = {isa = PBXBuildFile; fileRef = 3F12AFCA1E711CBB00B26D67 /* AppDelegate.swift */; };
		3F12AFCD1E711CBB00B26D67 /* HomeViewController.swift in Sources */ = {isa = PBXBuildFile; fileRef = 3F12AFCC1E711CBB00B26D67 /* HomeViewController.swift */; };
		3F12AFD01E711CBB00B26D67 /* Menu.storyboard in Resources */ = {isa = PBXBuildFile; fileRef = 3F12AFCE1E711CBB00B26D67 /* Menu.storyboard */; };
		3F12AFD31E711CBB00B26D67 /* SWSG.xcdatamodeld in Sources */ = {isa = PBXBuildFile; fileRef = 3F12AFD11E711CBB00B26D67 /* SWSG.xcdatamodeld */; };
		3F12AFD51E711CBB00B26D67 /* Assets.xcassets in Resources */ = {isa = PBXBuildFile; fileRef = 3F12AFD41E711CBB00B26D67 /* Assets.xcassets */; };
		3F12AFD81E711CBB00B26D67 /* LaunchScreen.storyboard in Resources */ = {isa = PBXBuildFile; fileRef = 3F12AFD61E711CBB00B26D67 /* LaunchScreen.storyboard */; };
		3F178FF01E98D7A600057929 /* FBUser.swift in Sources */ = {isa = PBXBuildFile; fileRef = 3F178FEF1E98D7A600057929 /* FBUser.swift */; };
		3F178FF31E99069E00057929 /* FBRequest.swift in Sources */ = {isa = PBXBuildFile; fileRef = 3F178FF21E99069E00057929 /* FBRequest.swift */; };
		3F3284231E92185B0062490D /* MultiDirectionCollectionViewLayout.swift in Sources */ = {isa = PBXBuildFile; fileRef = 3F3284221E92185B0062490D /* MultiDirectionCollectionViewLayout.swift */; };
		3F408CC41E83BB8200E2B787 /* GoogleService-Info.plist in Resources */ = {isa = PBXBuildFile; fileRef = 3F408CC31E83BB8200E2B787 /* GoogleService-Info.plist */; };
		3F408CC71E83BEA000E2B787 /* Chat.storyboard in Resources */ = {isa = PBXBuildFile; fileRef = 3F408CC61E83BEA000E2B787 /* Chat.storyboard */; };
		3F408CC91E83C06900E2B787 /* ChannelCell.swift in Sources */ = {isa = PBXBuildFile; fileRef = 3F408CC81E83C06900E2B787 /* ChannelCell.swift */; };
		3F408CCB1E83C12C00E2B787 /* ChannelListViewController.swift in Sources */ = {isa = PBXBuildFile; fileRef = 3F408CCA1E83C12C00E2B787 /* ChannelListViewController.swift */; };
		3F408CCE1E83C1F100E2B787 /* Channel.swift in Sources */ = {isa = PBXBuildFile; fileRef = 3F408CCD1E83C1F100E2B787 /* Channel.swift */; };
		3F408CD01E83C27E00E2B787 /* Message.swift in Sources */ = {isa = PBXBuildFile; fileRef = 3F408CCF1E83C27E00E2B787 /* Message.swift */; };
		3F408CD21E83E50D00E2B787 /* CreateChannelViewController.swift in Sources */ = {isa = PBXBuildFile; fileRef = 3F408CD11E83E50D00E2B787 /* CreateChannelViewController.swift */; };
		3F408CD41E83FEDA00E2B787 /* ChannelViewController.swift in Sources */ = {isa = PBXBuildFile; fileRef = 3F408CD31E83FEDA00E2B787 /* ChannelViewController.swift */; };
		3F9482B21E7E3DDC00016259 /* Profile.swift in Sources */ = {isa = PBXBuildFile; fileRef = 3F9482B01E7E3DDC00016259 /* Profile.swift */; };
		3F9482B31E7E3DDC00016259 /* User.swift in Sources */ = {isa = PBXBuildFile; fileRef = 3F9482B11E7E3DDC00016259 /* User.swift */; };
		3F97951F1E7A6A58004BC26C /* Team.swift in Sources */ = {isa = PBXBuildFile; fileRef = 3F97951E1E7A6A58004BC26C /* Team.swift */; };
		3F9795441E7A8DBF004BC26C /* Config.swift in Sources */ = {isa = PBXBuildFile; fileRef = 3F9795231E7A8DBF004BC26C /* Config.swift */; };
		3F97954B1E7A8DBF004BC26C /* Extensions.swift in Sources */ = {isa = PBXBuildFile; fileRef = 3F97952A1E7A8DBF004BC26C /* Extensions.swift */; };
		3F97954D1E7A8DBF004BC26C /* InitialViewController.swift in Sources */ = {isa = PBXBuildFile; fileRef = 3F97952C1E7A8DBF004BC26C /* InitialViewController.swift */; };
		3F97954E1E7A8DBF004BC26C /* LoginSignup.storyboard in Resources */ = {isa = PBXBuildFile; fileRef = 3F97952D1E7A8DBF004BC26C /* LoginSignup.storyboard */; };
		3F97954F1E7A8DBF004BC26C /* LoginViewController.swift in Sources */ = {isa = PBXBuildFile; fileRef = 3F97952E1E7A8DBF004BC26C /* LoginViewController.swift */; };
		3F97955B1E7A8DBF004BC26C /* SignUpTableViewController.swift in Sources */ = {isa = PBXBuildFile; fileRef = 3F97953A1E7A8DBF004BC26C /* SignUpTableViewController.swift */; };
		3F97955C1E7A8DBF004BC26C /* SignUpViewController.swift in Sources */ = {isa = PBXBuildFile; fileRef = 3F97953B1E7A8DBF004BC26C /* SignUpViewController.swift */; };
		3F9795611E7A8DBF004BC26C /* (null) in Sources */ = {isa = PBXBuildFile; };
		3F9795631E7A8DBF004BC26C /* Utility.swift in Sources */ = {isa = PBXBuildFile; fileRef = 3F9795421E7A8DBF004BC26C /* Utility.swift */; };
		3F9795691E7A932D004BC26C /* System.swift in Sources */ = {isa = PBXBuildFile; fileRef = 3F9795681E7A932D004BC26C /* System.swift */; };
		3F97956B1E7A98AC004BC26C /* Field.swift in Sources */ = {isa = PBXBuildFile; fileRef = 3F97956A1E7A98AC004BC26C /* Field.swift */; };
		3FC314601E77DB90009B21AB /* ConsultationDayCell.swift in Sources */ = {isa = PBXBuildFile; fileRef = 3FC3145F1E77DB90009B21AB /* ConsultationDayCell.swift */; };
		3FC314621E77DBAD009B21AB /* ConsultationSlotCell.swift in Sources */ = {isa = PBXBuildFile; fileRef = 3FC314611E77DBAD009B21AB /* ConsultationSlotCell.swift */; };
		3FC314641E77DD22009B21AB /* ConsultationSlot.swift in Sources */ = {isa = PBXBuildFile; fileRef = 3FC314631E77DD21009B21AB /* ConsultationSlot.swift */; };
		3FC314661E77DD7D009B21AB /* ConsultationSlotStatus.swift in Sources */ = {isa = PBXBuildFile; fileRef = 3FC314651E77DD7D009B21AB /* ConsultationSlotStatus.swift */; };
		3FC3146A1E77EB84009B21AB /* MentorViewController.swift in Sources */ = {isa = PBXBuildFile; fileRef = 3FC314691E77EB84009B21AB /* MentorViewController.swift */; };
		3FC3146C1E7A5017009B21AB /* ConsultationDate.swift in Sources */ = {isa = PBXBuildFile; fileRef = 3FC3146B1E7A5017009B21AB /* ConsultationDate.swift */; };
		3FC621991E9542AB00661305 /* MemberCell.swift in Sources */ = {isa = PBXBuildFile; fileRef = 3FC621981E9542AB00661305 /* MemberCell.swift */; };
		3FC6219B1E95DCD100661305 /* ChannelType.swift in Sources */ = {isa = PBXBuildFile; fileRef = 3FC6219A1E95DCD100661305 /* ChannelType.swift */; };
		3FC6219D1E95EED700661305 /* ImagePickerPopoverViewController.swift in Sources */ = {isa = PBXBuildFile; fileRef = 3FC6219C1E95EED700661305 /* ImagePickerPopoverViewController.swift */; };
		3FC6219F1E96525300661305 /* ChannelInfoViewController.swift in Sources */ = {isa = PBXBuildFile; fileRef = 3FC6219E1E96525300661305 /* ChannelInfoViewController.swift */; };
		3FE72F061E7E3BF5007FD55C /* Storage.swift in Sources */ = {isa = PBXBuildFile; fileRef = 3FE72F051E7E3BF5007FD55C /* Storage.swift */; };
		3FED30161E76FA0A00C007AD /* MenuViewController.swift in Sources */ = {isa = PBXBuildFile; fileRef = 3FED30151E76FA0A00C007AD /* MenuViewController.swift */; };
		3FED30181E76FBCE00C007AD /* MenuItems.swift in Sources */ = {isa = PBXBuildFile; fileRef = 3FED30171E76FBCE00C007AD /* MenuItems.swift */; };
		3FED301A1E76FC9A00C007AD /* (null) in Sources */ = {isa = PBXBuildFile; };
		3FED301C1E77930200C007AD /* BaseViewController.swift in Sources */ = {isa = PBXBuildFile; fileRef = 3FED301B1E77930200C007AD /* BaseViewController.swift */; };
		3FED301F1E779A7300C007AD /* Main.storyboard in Resources */ = {isa = PBXBuildFile; fileRef = 3FED301E1E779A7300C007AD /* Main.storyboard */; };
		3FED30211E77A15300C007AD /* Mentor.storyboard in Resources */ = {isa = PBXBuildFile; fileRef = 3FED30201E77A15300C007AD /* Mentor.storyboard */; };
		3FED30231E77A2D400C007AD /* MentorCell.swift in Sources */ = {isa = PBXBuildFile; fileRef = 3FED30221E77A2D400C007AD /* MentorCell.swift */; };
		3FED30251E77A37300C007AD /* MentorGridViewController.swift in Sources */ = {isa = PBXBuildFile; fileRef = 3FED30241E77A37300C007AD /* MentorGridViewController.swift */; };
		3FED30271E77A57600C007AD /* (null) in Sources */ = {isa = PBXBuildFile; };
		3FED30291E77A5CB00C007AD /* Mentor.swift in Sources */ = {isa = PBXBuildFile; fileRef = 3FED30281E77A5CB00C007AD /* Mentor.swift */; };
		C28B2ED81E86601300F6DD67 /* FirebaseClient.swift in Sources */ = {isa = PBXBuildFile; fileRef = C28B2ED71E86601300F6DD67 /* FirebaseClient.swift */; };
		C28B2EDA1E86665000F6DD67 /* FirebaseError.swift in Sources */ = {isa = PBXBuildFile; fileRef = C28B2ED91E86665000F6DD67 /* FirebaseError.swift */; };
		C85DA317D2E01CA5B13C6563 /* Pods_SWSG.framework in Frameworks */ = {isa = PBXBuildFile; fileRef = 73B76CA77273FFE3B2DDA055 /* Pods_SWSG.framework */; };
		CC0032921E7CF65D00CF190E /* SettingsTableViewController.swift in Sources */ = {isa = PBXBuildFile; fileRef = CC0032911E7CF65D00CF190E /* SettingsTableViewController.swift */; };
		CC0032951E7CF68500CF190E /* Settings.storyboard in Resources */ = {isa = PBXBuildFile; fileRef = CC0032941E7CF68500CF190E /* Settings.storyboard */; };
		CC168B2C1E7E8C5800F8725A /* UISupporting.storyboard in Resources */ = {isa = PBXBuildFile; fileRef = CC168B2B1E7E8C5800F8725A /* UISupporting.storyboard */; };
		CC168B2E1E7E8E4600F8725A /* ImageCropperViewController.swift in Sources */ = {isa = PBXBuildFile; fileRef = CC168B2D1E7E8E4600F8725A /* ImageCropperViewController.swift */; };
		CC1AA6C21E77C328004F5F95 /* (null) in Sources */ = {isa = PBXBuildFile; };
		CC1AA6C61E77C328004F5F95 /* (null) in Sources */ = {isa = PBXBuildFile; };
		CC1CF8A41E7C03DA002224BC /* Profile.storyboard in Resources */ = {isa = PBXBuildFile; fileRef = CC1CF8A21E7C03DA002224BC /* Profile.storyboard */; };
		CC1CF8A81E7C09CD002224BC /* ProfileViewController.swift in Sources */ = {isa = PBXBuildFile; fileRef = CC1CF8A71E7C09CD002224BC /* ProfileViewController.swift */; };
		CC1CF8AA1E7C137A002224BC /* ProfileItems.swift in Sources */ = {isa = PBXBuildFile; fileRef = CC1CF8A91E7C137A002224BC /* ProfileItems.swift */; };
		CC1CF8AC1E7C178A002224BC /* ProfileTableViewCell.swift in Sources */ = {isa = PBXBuildFile; fileRef = CC1CF8AB1E7C178A002224BC /* ProfileTableViewCell.swift */; };
		CC1CF8AE1E7C1ED6002224BC /* EditProfileViewController.swift in Sources */ = {isa = PBXBuildFile; fileRef = CC1CF8AD1E7C1ED6002224BC /* EditProfileViewController.swift */; };
		CC1CF8B01E7C2009002224BC /* EditProfileTableViewController.swift in Sources */ = {isa = PBXBuildFile; fileRef = CC1CF8AF1E7C2009002224BC /* EditProfileTableViewController.swift */; };
		CC1F153A1E8F8C7000293488 /* DescriptionTableViewCell.swift in Sources */ = {isa = PBXBuildFile; fileRef = CC1F15391E8F8C7000293488 /* DescriptionTableViewCell.swift */; };
		CC507F2B1E96697F006432FC /* People.swift in Sources */ = {isa = PBXBuildFile; fileRef = CC507F2A1E96697F006432FC /* People.swift */; };
		CC507F2D1E967124006432FC /* Person.swift in Sources */ = {isa = PBXBuildFile; fileRef = CC507F2C1E967124006432FC /* Person.swift */; };
		CC507F2F1E96908B006432FC /* FullScreenImageViewController.swift in Sources */ = {isa = PBXBuildFile; fileRef = CC507F2E1E96908B006432FC /* FullScreenImageViewController.swift */; };
		CC5F1C581E862704006A5322 /* InformationViewController.swift in Sources */ = {isa = PBXBuildFile; fileRef = CC5F1C571E862704006A5322 /* InformationViewController.swift */; };
		CC5F1C5B1E863044006A5322 /* Information.storyboard in Resources */ = {isa = PBXBuildFile; fileRef = CC5F1C5A1E863044006A5322 /* Information.storyboard */; };
		CC5F1C5D1E8630F1006A5322 /* InformationCell.swift in Sources */ = {isa = PBXBuildFile; fileRef = CC5F1C5C1E8630F1006A5322 /* InformationCell.swift */; };
		CC6CB12D1E90F99B00C71793 /* OverviewViewController.swift in Sources */ = {isa = PBXBuildFile; fileRef = CC6CB12C1E90F99B00C71793 /* OverviewViewController.swift */; };
		CC6CB1301E91029600C71793 /* OverviewEditViewController.swift in Sources */ = {isa = PBXBuildFile; fileRef = CC6CB12F1E91029600C71793 /* OverviewEditViewController.swift */; };
		CC7A4AF81E876F4F00BC8A4B /* PeopleTableViewCell.swift in Sources */ = {isa = PBXBuildFile; fileRef = CC7A4AF71E876F4F00BC8A4B /* PeopleTableViewCell.swift */; };
		CC7A4AFA1E87700800BC8A4B /* InformationHeaderTableViewCell.swift in Sources */ = {isa = PBXBuildFile; fileRef = CC7A4AF91E87700800BC8A4B /* InformationHeaderTableViewCell.swift */; };
		CC7A4AFE1E87807700BC8A4B /* PeopleViewController.swift in Sources */ = {isa = PBXBuildFile; fileRef = CC7A4AFD1E87807700BC8A4B /* PeopleViewController.swift */; };
		CC7A4B0A1E888C4200BC8A4B /* FaqViewController.swift in Sources */ = {isa = PBXBuildFile; fileRef = CC7A4B091E888C4200BC8A4B /* FaqViewController.swift */; };
		CC7A4B0C1E888C5E00BC8A4B /* FaqInfo.swift in Sources */ = {isa = PBXBuildFile; fileRef = CC7A4B0B1E888C5D00BC8A4B /* FaqInfo.swift */; };
		CC7A4B0E1E888E7E00BC8A4B /* FaqTableViewCell.swift in Sources */ = {isa = PBXBuildFile; fileRef = CC7A4B0D1E888E7E00BC8A4B /* FaqTableViewCell.swift */; };
		CC7A4B101E88A78C00BC8A4B /* SponsorsTableViewCell.swift in Sources */ = {isa = PBXBuildFile; fileRef = CC7A4B0F1E88A78C00BC8A4B /* SponsorsTableViewCell.swift */; };
		CC7A4B121E88A85F00BC8A4B /* SponsorsTitleTableViewCell.swift in Sources */ = {isa = PBXBuildFile; fileRef = CC7A4B111E88A85F00BC8A4B /* SponsorsTitleTableViewCell.swift */; };
		CC7A4B141E88B0D800BC8A4B /* SponsorsViewController.swift in Sources */ = {isa = PBXBuildFile; fileRef = CC7A4B131E88B0D800BC8A4B /* SponsorsViewController.swift */; };
		CC7A4B161E88BB6600BC8A4B /* SponsorsInfo.swift in Sources */ = {isa = PBXBuildFile; fileRef = CC7A4B151E88BB6600BC8A4B /* SponsorsInfo.swift */; };
		CC8A4E121E8CB5C3005E2AC5 /* ImagePickerViewController.swift in Sources */ = {isa = PBXBuildFile; fileRef = CC8A4E111E8CB5C3005E2AC5 /* ImagePickerViewController.swift */; };
		CC9500891E86398F00EC871F /* TemplateViewController.swift in Sources */ = {isa = PBXBuildFile; fileRef = CC9500881E86398F00EC871F /* TemplateViewController.swift */; };
		CC95008B1E8639B400EC871F /* PhotoPageViewController.swift in Sources */ = {isa = PBXBuildFile; fileRef = CC95008A1E8639B400EC871F /* PhotoPageViewController.swift */; };
		CC95008D1E8639CB00EC871F /* PhotoContentViewController.swift in Sources */ = {isa = PBXBuildFile; fileRef = CC95008C1E8639CB00EC871F /* PhotoContentViewController.swift */; };
		CC95008F1E863CAF00EC871F /* OverviewContent.swift in Sources */ = {isa = PBXBuildFile; fileRef = CC95008E1E863CAF00EC871F /* OverviewContent.swift */; };
		CCDCCD7B1E7D6E7600931AC0 /* UtilityTests.swift in Sources */ = {isa = PBXBuildFile; fileRef = CCDCCD7A1E7D6E7600931AC0 /* UtilityTests.swift */; };
		CCE7DDDA1E8A4E440044A863 /* TemplateEditViewController.swift in Sources */ = {isa = PBXBuildFile; fileRef = CCE7DDD91E8A4E440044A863 /* TemplateEditViewController.swift */; };
		CCE7DDDE1E8B757E0044A863 /* PhotoTableViewCell.swift in Sources */ = {isa = PBXBuildFile; fileRef = CCE7DDDD1E8B757E0044A863 /* PhotoTableViewCell.swift */; };
		CCE7DDE01E8B760C0044A863 /* VideoLinkTableViewCell.swift in Sources */ = {isa = PBXBuildFile; fileRef = CCE7DDDF1E8B760C0044A863 /* VideoLinkTableViewCell.swift */; };
		CCE7DDE21E8BF5030044A863 /* LPRTableView.swift in Sources */ = {isa = PBXBuildFile; fileRef = CCE7DDE11E8BF5030044A863 /* LPRTableView.swift */; };
		E3220C291E796BC0008AFA85 /* EventSystem.storyboard in Resources */ = {isa = PBXBuildFile; fileRef = E3220C281E796BC0008AFA85 /* EventSystem.storyboard */; };
		E3220C2B1E796C7B008AFA85 /* EventScheduleViewController.swift in Sources */ = {isa = PBXBuildFile; fileRef = E3220C2A1E796C7B008AFA85 /* EventScheduleViewController.swift */; };
		E3220C2D1E796CB8008AFA85 /* EventScheduleTableViewCell.swift in Sources */ = {isa = PBXBuildFile; fileRef = E3220C2C1E796CB8008AFA85 /* EventScheduleTableViewCell.swift */; };
		E3220C311E7A3B99008AFA85 /* Event.swift in Sources */ = {isa = PBXBuildFile; fileRef = E3220C301E7A3B99008AFA85 /* Event.swift */; };
		E3220C331E7A62F9008AFA85 /* Events.swift in Sources */ = {isa = PBXBuildFile; fileRef = E3220C321E7A62F9008AFA85 /* Events.swift */; };
		E3220C351E7A8D0B008AFA85 /* EventDetailsTableViewController.swift in Sources */ = {isa = PBXBuildFile; fileRef = E3220C341E7A8D0B008AFA85 /* EventDetailsTableViewController.swift */; };
		E3220C3B1E7AE387008AFA85 /* EventImageTableViewCell.swift in Sources */ = {isa = PBXBuildFile; fileRef = E3220C3A1E7AE387008AFA85 /* EventImageTableViewCell.swift */; };
		E3220C3D1E7AE39D008AFA85 /* EventTimeTableViewCell.swift in Sources */ = {isa = PBXBuildFile; fileRef = E3220C3C1E7AE39D008AFA85 /* EventTimeTableViewCell.swift */; };
		E3220C3F1E7AE3A9008AFA85 /* EventVenueTableViewCell.swift in Sources */ = {isa = PBXBuildFile; fileRef = E3220C3E1E7AE3A9008AFA85 /* EventVenueTableViewCell.swift */; };
		E3220C411E7AE3C6008AFA85 /* EventDetailTableViewCell.swift in Sources */ = {isa = PBXBuildFile; fileRef = E3220C401E7AE3C6008AFA85 /* EventDetailTableViewCell.swift */; };
		E3220C431E7AE40B008AFA85 /* CommentsTableViewCell.swift in Sources */ = {isa = PBXBuildFile; fileRef = E3220C421E7AE40B008AFA85 /* CommentsTableViewCell.swift */; };
		E3220C451E7AF088008AFA85 /* EventHeaderTableViewCell.swift in Sources */ = {isa = PBXBuildFile; fileRef = E3220C441E7AF088008AFA85 /* EventHeaderTableViewCell.swift */; };
		E3220C471E7B9776008AFA85 /* UserTypes.swift in Sources */ = {isa = PBXBuildFile; fileRef = E3220C461E7B9776008AFA85 /* UserTypes.swift */; };
		E3220C491E7B98CA008AFA85 /* MenuCell.swift in Sources */ = {isa = PBXBuildFile; fileRef = E3220C481E7B98CA008AFA85 /* MenuCell.swift */; };
		E3220C4F1E7B99CF008AFA85 /* UISubclasses.swift in Sources */ = {isa = PBXBuildFile; fileRef = E3220C4E1E7B99CF008AFA85 /* UISubclasses.swift */; };
		E3220C511E7BA903008AFA85 /* CommentsInputTableViewCell.swift in Sources */ = {isa = PBXBuildFile; fileRef = E3220C501E7BA903008AFA85 /* CommentsInputTableViewCell.swift */; };
		E3220C531E7BAAC5008AFA85 /* Comment.swift in Sources */ = {isa = PBXBuildFile; fileRef = E3220C521E7BAAC5008AFA85 /* Comment.swift */; };
		E3220C551E7BABA5008AFA85 /* Comments.swift in Sources */ = {isa = PBXBuildFile; fileRef = E3220C541E7BABA5008AFA85 /* Comments.swift */; };
		E3220C651E7D3822008AFA85 /* TeamRegistration.storyboard in Resources */ = {isa = PBXBuildFile; fileRef = E3220C641E7D3822008AFA85 /* TeamRegistration.storyboard */; };
		E3220C671E7D385B008AFA85 /* TeamRegistrationTableViewController.swift in Sources */ = {isa = PBXBuildFile; fileRef = E3220C661E7D385B008AFA85 /* TeamRegistrationTableViewController.swift */; };
		E3220C691E7D3ADC008AFA85 /* TeamItemTableViewCell.swift in Sources */ = {isa = PBXBuildFile; fileRef = E3220C681E7D3ADC008AFA85 /* TeamItemTableViewCell.swift */; };
		E3220C6B1E7D3D25008AFA85 /* Teams.swift in Sources */ = {isa = PBXBuildFile; fileRef = E3220C6A1E7D3D25008AFA85 /* Teams.swift */; };
		E3220C6D1E7D6B40008AFA85 /* TeamCreateTableViewController.swift in Sources */ = {isa = PBXBuildFile; fileRef = E3220C6C1E7D6B40008AFA85 /* TeamCreateTableViewController.swift */; };
		E3220C6F1E7D7B2D008AFA85 /* TeamInfoTableViewController.swift in Sources */ = {isa = PBXBuildFile; fileRef = E3220C6E1E7D7B2D008AFA85 /* TeamInfoTableViewController.swift */; };
		E348D5641E840CC700947B3F /* Ideas.storyboard in Resources */ = {isa = PBXBuildFile; fileRef = E348D5631E840CC700947B3F /* Ideas.storyboard */; };
		E348D5661E840D3500947B3F /* IdeasListTableViewController.swift in Sources */ = {isa = PBXBuildFile; fileRef = E348D5651E840D3500947B3F /* IdeasListTableViewController.swift */; };
		E348D5681E840D6100947B3F /* IdeaDetailsTableViewController.swift in Sources */ = {isa = PBXBuildFile; fileRef = E348D5671E840D6100947B3F /* IdeaDetailsTableViewController.swift */; };
		E348D56A1E840D8B00947B3F /* IdeaPostTableViewController.swift in Sources */ = {isa = PBXBuildFile; fileRef = E348D5691E840D8B00947B3F /* IdeaPostTableViewController.swift */; };
		E348D56C1E840F1100947B3F /* IdeaItemTableViewCell.swift in Sources */ = {isa = PBXBuildFile; fileRef = E348D56B1E840F1100947B3F /* IdeaItemTableViewCell.swift */; };
		E348D56E1E8415C500947B3F /* SegueFromRight.swift in Sources */ = {isa = PBXBuildFile; fileRef = E348D56D1E8415C500947B3F /* SegueFromRight.swift */; };
		E348D5701E841E2900947B3F /* Idea.swift in Sources */ = {isa = PBXBuildFile; fileRef = E348D56F1E841E2900947B3F /* Idea.swift */; };
		E348D5721E841E3000947B3F /* Ideas.swift in Sources */ = {isa = PBXBuildFile; fileRef = E348D5711E841E3000947B3F /* Ideas.swift */; };
		E348D5741E895CD700947B3F /* CalendarCellView.xib in Resources */ = {isa = PBXBuildFile; fileRef = E348D5731E895CD700947B3F /* CalendarCellView.xib */; };
		E348D5781E895D7C00947B3F /* CalendarCell.swift in Sources */ = {isa = PBXBuildFile; fileRef = E348D5771E895D7C00947B3F /* CalendarCell.swift */; };
		E348D57A1E895E8300947B3F /* EventCalendarViewController.swift in Sources */ = {isa = PBXBuildFile; fileRef = E348D5791E895E8300947B3F /* EventCalendarViewController.swift */; };
		E348D57E1E8A828900947B3F /* PinkSectionHeaderView.xib in Resources */ = {isa = PBXBuildFile; fileRef = E348D57D1E8A828900947B3F /* PinkSectionHeaderView.xib */; };
		E348D5801E8A830900947B3F /* CalendarHeaderView.swift in Sources */ = {isa = PBXBuildFile; fileRef = E348D57F1E8A830900947B3F /* CalendarHeaderView.swift */; };
		E355BB821E94E244002E29DD /* TagCell.xib in Resources */ = {isa = PBXBuildFile; fileRef = E355BB811E94E243002E29DD /* TagCell.xib */; };
		E355BB841E94E399002E29DD /* TagCell.swift in Sources */ = {isa = PBXBuildFile; fileRef = E355BB831E94E399002E29DD /* TagCell.swift */; };
		E355BB8A1E951A2C002E29DD /* EventListPageViewController.swift in Sources */ = {isa = PBXBuildFile; fileRef = E355BB891E951A2C002E29DD /* EventListPageViewController.swift */; };
		E355BB8C1E97C657002E29DD /* CreateEventTableViewController.swift in Sources */ = {isa = PBXBuildFile; fileRef = E355BB8B1E97C657002E29DD /* CreateEventTableViewController.swift */; };
		E3F1378F1E827BF600E26394 /* SectionHeaderTableViewCell.swift in Sources */ = {isa = PBXBuildFile; fileRef = E3F1378E1E827BF600E26394 /* SectionHeaderTableViewCell.swift */; };
		E3F137911E827C0500E26394 /* TeamMemberTableViewCell.swift in Sources */ = {isa = PBXBuildFile; fileRef = E3F137901E827C0500E26394 /* TeamMemberTableViewCell.swift */; };
		E3F137931E827C1700E26394 /* TeamLookingForTableViewCell.swift in Sources */ = {isa = PBXBuildFile; fileRef = E3F137921E827C1700E26394 /* TeamLookingForTableViewCell.swift */; };
/* End PBXBuildFile section */

/* Begin PBXContainerItemProxy section */
		CCDCCD7D1E7D6E7600931AC0 /* PBXContainerItemProxy */ = {
			isa = PBXContainerItemProxy;
			containerPortal = 3F12AFBF1E711CBA00B26D67 /* Project object */;
			proxyType = 1;
			remoteGlobalIDString = 3F12AFC61E711CBA00B26D67;
			remoteInfo = SWSG;
		};
/* End PBXContainerItemProxy section */

/* Begin PBXFileReference section */
		3F12AFC71E711CBB00B26D67 /* SWSG.app */ = {isa = PBXFileReference; explicitFileType = wrapper.application; includeInIndex = 0; path = SWSG.app; sourceTree = BUILT_PRODUCTS_DIR; };
		3F12AFCA1E711CBB00B26D67 /* AppDelegate.swift */ = {isa = PBXFileReference; lastKnownFileType = sourcecode.swift; path = AppDelegate.swift; sourceTree = "<group>"; };
		3F12AFCC1E711CBB00B26D67 /* HomeViewController.swift */ = {isa = PBXFileReference; lastKnownFileType = sourcecode.swift; path = HomeViewController.swift; sourceTree = "<group>"; };
		3F12AFCF1E711CBB00B26D67 /* Base */ = {isa = PBXFileReference; lastKnownFileType = file.storyboard; name = Base; path = Base.lproj/Menu.storyboard; sourceTree = "<group>"; };
		3F12AFD21E711CBB00B26D67 /* SWSG.xcdatamodel */ = {isa = PBXFileReference; lastKnownFileType = wrapper.xcdatamodel; path = SWSG.xcdatamodel; sourceTree = "<group>"; };
		3F12AFD41E711CBB00B26D67 /* Assets.xcassets */ = {isa = PBXFileReference; lastKnownFileType = folder.assetcatalog; path = Assets.xcassets; sourceTree = "<group>"; };
		3F12AFD71E711CBB00B26D67 /* Base */ = {isa = PBXFileReference; lastKnownFileType = file.storyboard; name = Base; path = Base.lproj/LaunchScreen.storyboard; sourceTree = "<group>"; };
		3F12AFD91E711CBB00B26D67 /* Info.plist */ = {isa = PBXFileReference; lastKnownFileType = text.plist.xml; path = Info.plist; sourceTree = "<group>"; };
		3F178FEF1E98D7A600057929 /* FBUser.swift */ = {isa = PBXFileReference; fileEncoding = 4; lastKnownFileType = sourcecode.swift; path = FBUser.swift; sourceTree = "<group>"; };
		3F178FF21E99069E00057929 /* FBRequest.swift */ = {isa = PBXFileReference; fileEncoding = 4; lastKnownFileType = sourcecode.swift; path = FBRequest.swift; sourceTree = "<group>"; };
		3F3284221E92185B0062490D /* MultiDirectionCollectionViewLayout.swift */ = {isa = PBXFileReference; fileEncoding = 4; lastKnownFileType = sourcecode.swift; path = MultiDirectionCollectionViewLayout.swift; sourceTree = "<group>"; };
		3F408CC31E83BB8200E2B787 /* GoogleService-Info.plist */ = {isa = PBXFileReference; fileEncoding = 4; lastKnownFileType = text.plist.xml; path = "GoogleService-Info.plist"; sourceTree = "<group>"; };
		3F408CC61E83BEA000E2B787 /* Chat.storyboard */ = {isa = PBXFileReference; fileEncoding = 4; lastKnownFileType = file.storyboard; path = Chat.storyboard; sourceTree = "<group>"; };
		3F408CC81E83C06900E2B787 /* ChannelCell.swift */ = {isa = PBXFileReference; fileEncoding = 4; lastKnownFileType = sourcecode.swift; path = ChannelCell.swift; sourceTree = "<group>"; };
		3F408CCA1E83C12C00E2B787 /* ChannelListViewController.swift */ = {isa = PBXFileReference; fileEncoding = 4; lastKnownFileType = sourcecode.swift; path = ChannelListViewController.swift; sourceTree = "<group>"; };
		3F408CCD1E83C1F100E2B787 /* Channel.swift */ = {isa = PBXFileReference; fileEncoding = 4; lastKnownFileType = sourcecode.swift; path = Channel.swift; sourceTree = "<group>"; };
		3F408CCF1E83C27E00E2B787 /* Message.swift */ = {isa = PBXFileReference; fileEncoding = 4; lastKnownFileType = sourcecode.swift; path = Message.swift; sourceTree = "<group>"; };
		3F408CD11E83E50D00E2B787 /* CreateChannelViewController.swift */ = {isa = PBXFileReference; fileEncoding = 4; lastKnownFileType = sourcecode.swift; path = CreateChannelViewController.swift; sourceTree = "<group>"; };
		3F408CD31E83FEDA00E2B787 /* ChannelViewController.swift */ = {isa = PBXFileReference; fileEncoding = 4; lastKnownFileType = sourcecode.swift; path = ChannelViewController.swift; sourceTree = "<group>"; };
		3F9482B01E7E3DDC00016259 /* Profile.swift */ = {isa = PBXFileReference; fileEncoding = 4; lastKnownFileType = sourcecode.swift; path = Profile.swift; sourceTree = "<group>"; };
		3F9482B11E7E3DDC00016259 /* User.swift */ = {isa = PBXFileReference; fileEncoding = 4; lastKnownFileType = sourcecode.swift; path = User.swift; sourceTree = "<group>"; };
		3F97951E1E7A6A58004BC26C /* Team.swift */ = {isa = PBXFileReference; fileEncoding = 4; lastKnownFileType = sourcecode.swift; path = Team.swift; sourceTree = "<group>"; };
		3F9795231E7A8DBF004BC26C /* Config.swift */ = {isa = PBXFileReference; fileEncoding = 4; lastKnownFileType = sourcecode.swift; path = Config.swift; sourceTree = "<group>"; };
		3F97952A1E7A8DBF004BC26C /* Extensions.swift */ = {isa = PBXFileReference; fileEncoding = 4; lastKnownFileType = sourcecode.swift; path = Extensions.swift; sourceTree = "<group>"; };
		3F97952C1E7A8DBF004BC26C /* InitialViewController.swift */ = {isa = PBXFileReference; fileEncoding = 4; lastKnownFileType = sourcecode.swift; path = InitialViewController.swift; sourceTree = "<group>"; };
		3F97952D1E7A8DBF004BC26C /* LoginSignup.storyboard */ = {isa = PBXFileReference; fileEncoding = 4; lastKnownFileType = file.storyboard; path = LoginSignup.storyboard; sourceTree = "<group>"; };
		3F97952E1E7A8DBF004BC26C /* LoginViewController.swift */ = {isa = PBXFileReference; fileEncoding = 4; lastKnownFileType = sourcecode.swift; path = LoginViewController.swift; sourceTree = "<group>"; };
		3F97953A1E7A8DBF004BC26C /* SignUpTableViewController.swift */ = {isa = PBXFileReference; fileEncoding = 4; lastKnownFileType = sourcecode.swift; path = SignUpTableViewController.swift; sourceTree = "<group>"; };
		3F97953B1E7A8DBF004BC26C /* SignUpViewController.swift */ = {isa = PBXFileReference; fileEncoding = 4; lastKnownFileType = sourcecode.swift; path = SignUpViewController.swift; sourceTree = "<group>"; };
		3F9795421E7A8DBF004BC26C /* Utility.swift */ = {isa = PBXFileReference; fileEncoding = 4; lastKnownFileType = sourcecode.swift; path = Utility.swift; sourceTree = "<group>"; };
		3F9795681E7A932D004BC26C /* System.swift */ = {isa = PBXFileReference; fileEncoding = 4; lastKnownFileType = sourcecode.swift; path = System.swift; sourceTree = "<group>"; };
		3F97956A1E7A98AC004BC26C /* Field.swift */ = {isa = PBXFileReference; fileEncoding = 4; lastKnownFileType = sourcecode.swift; path = Field.swift; sourceTree = "<group>"; };
		3FC3145F1E77DB90009B21AB /* ConsultationDayCell.swift */ = {isa = PBXFileReference; fileEncoding = 4; lastKnownFileType = sourcecode.swift; path = ConsultationDayCell.swift; sourceTree = "<group>"; };
		3FC314611E77DBAD009B21AB /* ConsultationSlotCell.swift */ = {isa = PBXFileReference; fileEncoding = 4; lastKnownFileType = sourcecode.swift; path = ConsultationSlotCell.swift; sourceTree = "<group>"; };
		3FC314631E77DD21009B21AB /* ConsultationSlot.swift */ = {isa = PBXFileReference; fileEncoding = 4; lastKnownFileType = sourcecode.swift; path = ConsultationSlot.swift; sourceTree = "<group>"; };
		3FC314651E77DD7D009B21AB /* ConsultationSlotStatus.swift */ = {isa = PBXFileReference; fileEncoding = 4; lastKnownFileType = sourcecode.swift; path = ConsultationSlotStatus.swift; sourceTree = "<group>"; };
		3FC314691E77EB84009B21AB /* MentorViewController.swift */ = {isa = PBXFileReference; fileEncoding = 4; lastKnownFileType = sourcecode.swift; path = MentorViewController.swift; sourceTree = "<group>"; };
		3FC3146B1E7A5017009B21AB /* ConsultationDate.swift */ = {isa = PBXFileReference; fileEncoding = 4; lastKnownFileType = sourcecode.swift; path = ConsultationDate.swift; sourceTree = "<group>"; };
		3FC621981E9542AB00661305 /* MemberCell.swift */ = {isa = PBXFileReference; fileEncoding = 4; lastKnownFileType = sourcecode.swift; path = MemberCell.swift; sourceTree = "<group>"; };
		3FC6219A1E95DCD100661305 /* ChannelType.swift */ = {isa = PBXFileReference; fileEncoding = 4; lastKnownFileType = sourcecode.swift; path = ChannelType.swift; sourceTree = "<group>"; };
		3FC6219C1E95EED700661305 /* ImagePickerPopoverViewController.swift */ = {isa = PBXFileReference; fileEncoding = 4; lastKnownFileType = sourcecode.swift; path = ImagePickerPopoverViewController.swift; sourceTree = "<group>"; };
		3FC6219E1E96525300661305 /* ChannelInfoViewController.swift */ = {isa = PBXFileReference; fileEncoding = 4; lastKnownFileType = sourcecode.swift; path = ChannelInfoViewController.swift; sourceTree = "<group>"; };
		3FE72F051E7E3BF5007FD55C /* Storage.swift */ = {isa = PBXFileReference; fileEncoding = 4; lastKnownFileType = sourcecode.swift; path = Storage.swift; sourceTree = "<group>"; };
		3FED30151E76FA0A00C007AD /* MenuViewController.swift */ = {isa = PBXFileReference; fileEncoding = 4; lastKnownFileType = sourcecode.swift; path = MenuViewController.swift; sourceTree = "<group>"; };
		3FED30171E76FBCE00C007AD /* MenuItems.swift */ = {isa = PBXFileReference; fileEncoding = 4; lastKnownFileType = sourcecode.swift; path = MenuItems.swift; sourceTree = "<group>"; };
		3FED301B1E77930200C007AD /* BaseViewController.swift */ = {isa = PBXFileReference; fileEncoding = 4; lastKnownFileType = sourcecode.swift; path = BaseViewController.swift; sourceTree = "<group>"; };
		3FED301E1E779A7300C007AD /* Main.storyboard */ = {isa = PBXFileReference; fileEncoding = 4; lastKnownFileType = file.storyboard; path = Main.storyboard; sourceTree = "<group>"; };
		3FED30201E77A15300C007AD /* Mentor.storyboard */ = {isa = PBXFileReference; fileEncoding = 4; lastKnownFileType = file.storyboard; path = Mentor.storyboard; sourceTree = "<group>"; };
		3FED30221E77A2D400C007AD /* MentorCell.swift */ = {isa = PBXFileReference; fileEncoding = 4; lastKnownFileType = sourcecode.swift; path = MentorCell.swift; sourceTree = "<group>"; };
		3FED30241E77A37300C007AD /* MentorGridViewController.swift */ = {isa = PBXFileReference; fileEncoding = 4; lastKnownFileType = sourcecode.swift; path = MentorGridViewController.swift; sourceTree = "<group>"; };
		3FED30281E77A5CB00C007AD /* Mentor.swift */ = {isa = PBXFileReference; fileEncoding = 4; lastKnownFileType = sourcecode.swift; path = Mentor.swift; sourceTree = "<group>"; };
		73B76CA77273FFE3B2DDA055 /* Pods_SWSG.framework */ = {isa = PBXFileReference; explicitFileType = wrapper.framework; includeInIndex = 0; path = Pods_SWSG.framework; sourceTree = BUILT_PRODUCTS_DIR; };
		C28B2ED71E86601300F6DD67 /* FirebaseClient.swift */ = {isa = PBXFileReference; fileEncoding = 4; lastKnownFileType = sourcecode.swift; path = FirebaseClient.swift; sourceTree = "<group>"; };
		C28B2ED91E86665000F6DD67 /* FirebaseError.swift */ = {isa = PBXFileReference; fileEncoding = 4; lastKnownFileType = sourcecode.swift; path = FirebaseError.swift; sourceTree = "<group>"; };
		CC0032911E7CF65D00CF190E /* SettingsTableViewController.swift */ = {isa = PBXFileReference; fileEncoding = 4; lastKnownFileType = sourcecode.swift; path = SettingsTableViewController.swift; sourceTree = "<group>"; };
		CC0032941E7CF68500CF190E /* Settings.storyboard */ = {isa = PBXFileReference; fileEncoding = 4; lastKnownFileType = file.storyboard; path = Settings.storyboard; sourceTree = "<group>"; };
		CC168B2B1E7E8C5800F8725A /* UISupporting.storyboard */ = {isa = PBXFileReference; fileEncoding = 4; lastKnownFileType = file.storyboard; path = UISupporting.storyboard; sourceTree = "<group>"; };
		CC168B2D1E7E8E4600F8725A /* ImageCropperViewController.swift */ = {isa = PBXFileReference; fileEncoding = 4; lastKnownFileType = sourcecode.swift; path = ImageCropperViewController.swift; sourceTree = "<group>"; };
		CC1CF8A31E7C03DA002224BC /* Base */ = {isa = PBXFileReference; lastKnownFileType = file.storyboard; name = Base; path = Base.lproj/Profile.storyboard; sourceTree = "<group>"; };
		CC1CF8A71E7C09CD002224BC /* ProfileViewController.swift */ = {isa = PBXFileReference; fileEncoding = 4; lastKnownFileType = sourcecode.swift; path = ProfileViewController.swift; sourceTree = "<group>"; };
		CC1CF8A91E7C137A002224BC /* ProfileItems.swift */ = {isa = PBXFileReference; fileEncoding = 4; lastKnownFileType = sourcecode.swift; path = ProfileItems.swift; sourceTree = "<group>"; };
		CC1CF8AB1E7C178A002224BC /* ProfileTableViewCell.swift */ = {isa = PBXFileReference; fileEncoding = 4; lastKnownFileType = sourcecode.swift; path = ProfileTableViewCell.swift; sourceTree = "<group>"; };
		CC1CF8AD1E7C1ED6002224BC /* EditProfileViewController.swift */ = {isa = PBXFileReference; fileEncoding = 4; lastKnownFileType = sourcecode.swift; path = EditProfileViewController.swift; sourceTree = "<group>"; };
		CC1CF8AF1E7C2009002224BC /* EditProfileTableViewController.swift */ = {isa = PBXFileReference; fileEncoding = 4; lastKnownFileType = sourcecode.swift; path = EditProfileTableViewController.swift; sourceTree = "<group>"; };
		CC1F15391E8F8C7000293488 /* DescriptionTableViewCell.swift */ = {isa = PBXFileReference; fileEncoding = 4; lastKnownFileType = sourcecode.swift; path = DescriptionTableViewCell.swift; sourceTree = "<group>"; };
		CC4CBC4A1E94F01A00179969 /* bridgingHeader.h */ = {isa = PBXFileReference; lastKnownFileType = sourcecode.c.h; path = bridgingHeader.h; sourceTree = "<group>"; };
		CC507F2A1E96697F006432FC /* People.swift */ = {isa = PBXFileReference; fileEncoding = 4; lastKnownFileType = sourcecode.swift; path = People.swift; sourceTree = "<group>"; };
		CC507F2C1E967124006432FC /* Person.swift */ = {isa = PBXFileReference; fileEncoding = 4; lastKnownFileType = sourcecode.swift; path = Person.swift; sourceTree = "<group>"; };
		CC507F2E1E96908B006432FC /* FullScreenImageViewController.swift */ = {isa = PBXFileReference; fileEncoding = 4; lastKnownFileType = sourcecode.swift; path = FullScreenImageViewController.swift; sourceTree = "<group>"; };
		CC5F1C571E862704006A5322 /* InformationViewController.swift */ = {isa = PBXFileReference; fileEncoding = 4; lastKnownFileType = sourcecode.swift; path = InformationViewController.swift; sourceTree = "<group>"; };
		CC5F1C5A1E863044006A5322 /* Information.storyboard */ = {isa = PBXFileReference; fileEncoding = 4; lastKnownFileType = file.storyboard; path = Information.storyboard; sourceTree = "<group>"; };
		CC5F1C5C1E8630F1006A5322 /* InformationCell.swift */ = {isa = PBXFileReference; fileEncoding = 4; lastKnownFileType = sourcecode.swift; path = InformationCell.swift; sourceTree = "<group>"; };
		CC6CB12C1E90F99B00C71793 /* OverviewViewController.swift */ = {isa = PBXFileReference; fileEncoding = 4; lastKnownFileType = sourcecode.swift; path = OverviewViewController.swift; sourceTree = "<group>"; };
		CC6CB12F1E91029600C71793 /* OverviewEditViewController.swift */ = {isa = PBXFileReference; fileEncoding = 4; lastKnownFileType = sourcecode.swift; path = OverviewEditViewController.swift; sourceTree = "<group>"; };
		CC7A4AF71E876F4F00BC8A4B /* PeopleTableViewCell.swift */ = {isa = PBXFileReference; fileEncoding = 4; lastKnownFileType = sourcecode.swift; path = PeopleTableViewCell.swift; sourceTree = "<group>"; };
		CC7A4AF91E87700800BC8A4B /* InformationHeaderTableViewCell.swift */ = {isa = PBXFileReference; fileEncoding = 4; lastKnownFileType = sourcecode.swift; path = InformationHeaderTableViewCell.swift; sourceTree = "<group>"; };
		CC7A4AFD1E87807700BC8A4B /* PeopleViewController.swift */ = {isa = PBXFileReference; fileEncoding = 4; lastKnownFileType = sourcecode.swift; path = PeopleViewController.swift; sourceTree = "<group>"; };
		CC7A4B091E888C4200BC8A4B /* FaqViewController.swift */ = {isa = PBXFileReference; fileEncoding = 4; lastKnownFileType = sourcecode.swift; path = FaqViewController.swift; sourceTree = "<group>"; };
		CC7A4B0B1E888C5D00BC8A4B /* FaqInfo.swift */ = {isa = PBXFileReference; fileEncoding = 4; lastKnownFileType = sourcecode.swift; path = FaqInfo.swift; sourceTree = "<group>"; };
		CC7A4B0D1E888E7E00BC8A4B /* FaqTableViewCell.swift */ = {isa = PBXFileReference; fileEncoding = 4; lastKnownFileType = sourcecode.swift; path = FaqTableViewCell.swift; sourceTree = "<group>"; };
		CC7A4B0F1E88A78C00BC8A4B /* SponsorsTableViewCell.swift */ = {isa = PBXFileReference; fileEncoding = 4; lastKnownFileType = sourcecode.swift; path = SponsorsTableViewCell.swift; sourceTree = "<group>"; };
		CC7A4B111E88A85F00BC8A4B /* SponsorsTitleTableViewCell.swift */ = {isa = PBXFileReference; fileEncoding = 4; lastKnownFileType = sourcecode.swift; path = SponsorsTitleTableViewCell.swift; sourceTree = "<group>"; };
		CC7A4B131E88B0D800BC8A4B /* SponsorsViewController.swift */ = {isa = PBXFileReference; fileEncoding = 4; lastKnownFileType = sourcecode.swift; path = SponsorsViewController.swift; sourceTree = "<group>"; };
		CC7A4B151E88BB6600BC8A4B /* SponsorsInfo.swift */ = {isa = PBXFileReference; fileEncoding = 4; lastKnownFileType = sourcecode.swift; path = SponsorsInfo.swift; sourceTree = "<group>"; };
		CC8A4E111E8CB5C3005E2AC5 /* ImagePickerViewController.swift */ = {isa = PBXFileReference; fileEncoding = 4; lastKnownFileType = sourcecode.swift; path = ImagePickerViewController.swift; sourceTree = "<group>"; };
		CC9500881E86398F00EC871F /* TemplateViewController.swift */ = {isa = PBXFileReference; fileEncoding = 4; lastKnownFileType = sourcecode.swift; path = TemplateViewController.swift; sourceTree = "<group>"; };
		CC95008A1E8639B400EC871F /* PhotoPageViewController.swift */ = {isa = PBXFileReference; fileEncoding = 4; lastKnownFileType = sourcecode.swift; path = PhotoPageViewController.swift; sourceTree = "<group>"; };
		CC95008C1E8639CB00EC871F /* PhotoContentViewController.swift */ = {isa = PBXFileReference; fileEncoding = 4; lastKnownFileType = sourcecode.swift; path = PhotoContentViewController.swift; sourceTree = "<group>"; };
		CC95008E1E863CAF00EC871F /* OverviewContent.swift */ = {isa = PBXFileReference; fileEncoding = 4; lastKnownFileType = sourcecode.swift; path = OverviewContent.swift; sourceTree = "<group>"; };
		CCDCCD781E7D6E7600931AC0 /* SWSGTests.xctest */ = {isa = PBXFileReference; explicitFileType = wrapper.cfbundle; includeInIndex = 0; path = SWSGTests.xctest; sourceTree = BUILT_PRODUCTS_DIR; };
		CCDCCD7A1E7D6E7600931AC0 /* UtilityTests.swift */ = {isa = PBXFileReference; lastKnownFileType = sourcecode.swift; path = UtilityTests.swift; sourceTree = "<group>"; };
		CCDCCD7C1E7D6E7600931AC0 /* Info.plist */ = {isa = PBXFileReference; lastKnownFileType = text.plist.xml; path = Info.plist; sourceTree = "<group>"; };
		CCE7DDD91E8A4E440044A863 /* TemplateEditViewController.swift */ = {isa = PBXFileReference; fileEncoding = 4; lastKnownFileType = sourcecode.swift; path = TemplateEditViewController.swift; sourceTree = "<group>"; };
		CCE7DDDD1E8B757E0044A863 /* PhotoTableViewCell.swift */ = {isa = PBXFileReference; fileEncoding = 4; lastKnownFileType = sourcecode.swift; path = PhotoTableViewCell.swift; sourceTree = "<group>"; };
		CCE7DDDF1E8B760C0044A863 /* VideoLinkTableViewCell.swift */ = {isa = PBXFileReference; fileEncoding = 4; lastKnownFileType = sourcecode.swift; path = VideoLinkTableViewCell.swift; sourceTree = "<group>"; };
		CCE7DDE11E8BF5030044A863 /* LPRTableView.swift */ = {isa = PBXFileReference; fileEncoding = 4; lastKnownFileType = sourcecode.swift; path = LPRTableView.swift; sourceTree = "<group>"; };
		D10F394E4FBA1737EB4DE222 /* Pods-SWSG.debug.xcconfig */ = {isa = PBXFileReference; includeInIndex = 1; lastKnownFileType = text.xcconfig; name = "Pods-SWSG.debug.xcconfig"; path = "Pods/Target Support Files/Pods-SWSG/Pods-SWSG.debug.xcconfig"; sourceTree = "<group>"; };
		DFCC36B382986C1C835AE36B /* Pods-SWSG.release.xcconfig */ = {isa = PBXFileReference; includeInIndex = 1; lastKnownFileType = text.xcconfig; name = "Pods-SWSG.release.xcconfig"; path = "Pods/Target Support Files/Pods-SWSG/Pods-SWSG.release.xcconfig"; sourceTree = "<group>"; };
		E3220C281E796BC0008AFA85 /* EventSystem.storyboard */ = {isa = PBXFileReference; fileEncoding = 4; lastKnownFileType = file.storyboard; path = EventSystem.storyboard; sourceTree = "<group>"; };
		E3220C2A1E796C7B008AFA85 /* EventScheduleViewController.swift */ = {isa = PBXFileReference; fileEncoding = 4; lastKnownFileType = sourcecode.swift; path = EventScheduleViewController.swift; sourceTree = "<group>"; };
		E3220C2C1E796CB8008AFA85 /* EventScheduleTableViewCell.swift */ = {isa = PBXFileReference; fileEncoding = 4; lastKnownFileType = sourcecode.swift; path = EventScheduleTableViewCell.swift; sourceTree = "<group>"; };
		E3220C301E7A3B99008AFA85 /* Event.swift */ = {isa = PBXFileReference; fileEncoding = 4; lastKnownFileType = sourcecode.swift; name = Event.swift; path = SWSG/Event.swift; sourceTree = SOURCE_ROOT; };
		E3220C321E7A62F9008AFA85 /* Events.swift */ = {isa = PBXFileReference; fileEncoding = 4; lastKnownFileType = sourcecode.swift; path = Events.swift; sourceTree = "<group>"; };
		E3220C341E7A8D0B008AFA85 /* EventDetailsTableViewController.swift */ = {isa = PBXFileReference; fileEncoding = 4; lastKnownFileType = sourcecode.swift; path = EventDetailsTableViewController.swift; sourceTree = "<group>"; };
		E3220C3A1E7AE387008AFA85 /* EventImageTableViewCell.swift */ = {isa = PBXFileReference; fileEncoding = 4; lastKnownFileType = sourcecode.swift; path = EventImageTableViewCell.swift; sourceTree = "<group>"; };
		E3220C3C1E7AE39D008AFA85 /* EventTimeTableViewCell.swift */ = {isa = PBXFileReference; fileEncoding = 4; lastKnownFileType = sourcecode.swift; path = EventTimeTableViewCell.swift; sourceTree = "<group>"; };
		E3220C3E1E7AE3A9008AFA85 /* EventVenueTableViewCell.swift */ = {isa = PBXFileReference; fileEncoding = 4; lastKnownFileType = sourcecode.swift; path = EventVenueTableViewCell.swift; sourceTree = "<group>"; };
		E3220C401E7AE3C6008AFA85 /* EventDetailTableViewCell.swift */ = {isa = PBXFileReference; fileEncoding = 4; lastKnownFileType = sourcecode.swift; path = EventDetailTableViewCell.swift; sourceTree = "<group>"; };
		E3220C421E7AE40B008AFA85 /* CommentsTableViewCell.swift */ = {isa = PBXFileReference; fileEncoding = 4; lastKnownFileType = sourcecode.swift; path = CommentsTableViewCell.swift; sourceTree = "<group>"; };
		E3220C441E7AF088008AFA85 /* EventHeaderTableViewCell.swift */ = {isa = PBXFileReference; fileEncoding = 4; lastKnownFileType = sourcecode.swift; path = EventHeaderTableViewCell.swift; sourceTree = "<group>"; };
		E3220C461E7B9776008AFA85 /* UserTypes.swift */ = {isa = PBXFileReference; fileEncoding = 4; lastKnownFileType = sourcecode.swift; path = UserTypes.swift; sourceTree = "<group>"; };
		E3220C481E7B98CA008AFA85 /* MenuCell.swift */ = {isa = PBXFileReference; fileEncoding = 4; lastKnownFileType = sourcecode.swift; path = MenuCell.swift; sourceTree = "<group>"; };
		E3220C4E1E7B99CF008AFA85 /* UISubclasses.swift */ = {isa = PBXFileReference; fileEncoding = 4; lastKnownFileType = sourcecode.swift; path = UISubclasses.swift; sourceTree = "<group>"; };
		E3220C501E7BA903008AFA85 /* CommentsInputTableViewCell.swift */ = {isa = PBXFileReference; fileEncoding = 4; lastKnownFileType = sourcecode.swift; path = CommentsInputTableViewCell.swift; sourceTree = "<group>"; };
		E3220C521E7BAAC5008AFA85 /* Comment.swift */ = {isa = PBXFileReference; fileEncoding = 4; lastKnownFileType = sourcecode.swift; path = Comment.swift; sourceTree = "<group>"; };
		E3220C541E7BABA5008AFA85 /* Comments.swift */ = {isa = PBXFileReference; fileEncoding = 4; lastKnownFileType = sourcecode.swift; path = Comments.swift; sourceTree = "<group>"; };
		E3220C641E7D3822008AFA85 /* TeamRegistration.storyboard */ = {isa = PBXFileReference; fileEncoding = 4; lastKnownFileType = file.storyboard; path = TeamRegistration.storyboard; sourceTree = "<group>"; };
		E3220C661E7D385B008AFA85 /* TeamRegistrationTableViewController.swift */ = {isa = PBXFileReference; fileEncoding = 4; lastKnownFileType = sourcecode.swift; path = TeamRegistrationTableViewController.swift; sourceTree = "<group>"; };
		E3220C681E7D3ADC008AFA85 /* TeamItemTableViewCell.swift */ = {isa = PBXFileReference; fileEncoding = 4; lastKnownFileType = sourcecode.swift; path = TeamItemTableViewCell.swift; sourceTree = "<group>"; };
		E3220C6A1E7D3D25008AFA85 /* Teams.swift */ = {isa = PBXFileReference; fileEncoding = 4; lastKnownFileType = sourcecode.swift; path = Teams.swift; sourceTree = "<group>"; };
		E3220C6C1E7D6B40008AFA85 /* TeamCreateTableViewController.swift */ = {isa = PBXFileReference; fileEncoding = 4; lastKnownFileType = sourcecode.swift; path = TeamCreateTableViewController.swift; sourceTree = "<group>"; };
		E3220C6E1E7D7B2D008AFA85 /* TeamInfoTableViewController.swift */ = {isa = PBXFileReference; fileEncoding = 4; lastKnownFileType = sourcecode.swift; path = TeamInfoTableViewController.swift; sourceTree = "<group>"; };
		E348D5631E840CC700947B3F /* Ideas.storyboard */ = {isa = PBXFileReference; fileEncoding = 4; lastKnownFileType = file.storyboard; path = Ideas.storyboard; sourceTree = "<group>"; };
		E348D5651E840D3500947B3F /* IdeasListTableViewController.swift */ = {isa = PBXFileReference; fileEncoding = 4; lastKnownFileType = sourcecode.swift; path = IdeasListTableViewController.swift; sourceTree = "<group>"; };
		E348D5671E840D6100947B3F /* IdeaDetailsTableViewController.swift */ = {isa = PBXFileReference; fileEncoding = 4; lastKnownFileType = sourcecode.swift; path = IdeaDetailsTableViewController.swift; sourceTree = "<group>"; };
		E348D5691E840D8B00947B3F /* IdeaPostTableViewController.swift */ = {isa = PBXFileReference; fileEncoding = 4; lastKnownFileType = sourcecode.swift; path = IdeaPostTableViewController.swift; sourceTree = "<group>"; };
		E348D56B1E840F1100947B3F /* IdeaItemTableViewCell.swift */ = {isa = PBXFileReference; fileEncoding = 4; lastKnownFileType = sourcecode.swift; path = IdeaItemTableViewCell.swift; sourceTree = "<group>"; };
		E348D56D1E8415C500947B3F /* SegueFromRight.swift */ = {isa = PBXFileReference; fileEncoding = 4; lastKnownFileType = sourcecode.swift; path = SegueFromRight.swift; sourceTree = "<group>"; };
		E348D56F1E841E2900947B3F /* Idea.swift */ = {isa = PBXFileReference; fileEncoding = 4; lastKnownFileType = sourcecode.swift; path = Idea.swift; sourceTree = "<group>"; };
		E348D5711E841E3000947B3F /* Ideas.swift */ = {isa = PBXFileReference; fileEncoding = 4; lastKnownFileType = sourcecode.swift; path = Ideas.swift; sourceTree = "<group>"; };
		E348D5731E895CD700947B3F /* CalendarCellView.xib */ = {isa = PBXFileReference; fileEncoding = 4; lastKnownFileType = file.xib; path = CalendarCellView.xib; sourceTree = "<group>"; };
		E348D5771E895D7C00947B3F /* CalendarCell.swift */ = {isa = PBXFileReference; fileEncoding = 4; lastKnownFileType = sourcecode.swift; path = CalendarCell.swift; sourceTree = "<group>"; };
		E348D5791E895E8300947B3F /* EventCalendarViewController.swift */ = {isa = PBXFileReference; fileEncoding = 4; lastKnownFileType = sourcecode.swift; path = EventCalendarViewController.swift; sourceTree = "<group>"; };
		E348D57D1E8A828900947B3F /* PinkSectionHeaderView.xib */ = {isa = PBXFileReference; fileEncoding = 4; lastKnownFileType = file.xib; path = PinkSectionHeaderView.xib; sourceTree = "<group>"; };
		E348D57F1E8A830900947B3F /* CalendarHeaderView.swift */ = {isa = PBXFileReference; fileEncoding = 4; lastKnownFileType = sourcecode.swift; path = CalendarHeaderView.swift; sourceTree = "<group>"; };
		E355BB811E94E243002E29DD /* TagCell.xib */ = {isa = PBXFileReference; fileEncoding = 4; lastKnownFileType = file.xib; path = TagCell.xib; sourceTree = "<group>"; };
		E355BB831E94E399002E29DD /* TagCell.swift */ = {isa = PBXFileReference; fileEncoding = 4; lastKnownFileType = sourcecode.swift; path = TagCell.swift; sourceTree = "<group>"; };
		E355BB891E951A2C002E29DD /* EventListPageViewController.swift */ = {isa = PBXFileReference; fileEncoding = 4; lastKnownFileType = sourcecode.swift; path = EventListPageViewController.swift; sourceTree = "<group>"; };
		E355BB8B1E97C657002E29DD /* CreateEventTableViewController.swift */ = {isa = PBXFileReference; fileEncoding = 4; lastKnownFileType = sourcecode.swift; path = CreateEventTableViewController.swift; sourceTree = "<group>"; };
		E3F1378E1E827BF600E26394 /* SectionHeaderTableViewCell.swift */ = {isa = PBXFileReference; fileEncoding = 4; lastKnownFileType = sourcecode.swift; path = SectionHeaderTableViewCell.swift; sourceTree = "<group>"; };
		E3F137901E827C0500E26394 /* TeamMemberTableViewCell.swift */ = {isa = PBXFileReference; fileEncoding = 4; lastKnownFileType = sourcecode.swift; path = TeamMemberTableViewCell.swift; sourceTree = "<group>"; };
		E3F137921E827C1700E26394 /* TeamLookingForTableViewCell.swift */ = {isa = PBXFileReference; fileEncoding = 4; lastKnownFileType = sourcecode.swift; path = TeamLookingForTableViewCell.swift; sourceTree = "<group>"; };
/* End PBXFileReference section */

/* Begin PBXFrameworksBuildPhase section */
		3F12AFC41E711CBA00B26D67 /* Frameworks */ = {
			isa = PBXFrameworksBuildPhase;
			buildActionMask = 2147483647;
			files = (
				C85DA317D2E01CA5B13C6563 /* Pods_SWSG.framework in Frameworks */,
			);
			runOnlyForDeploymentPostprocessing = 0;
		};
		CCDCCD751E7D6E7600931AC0 /* Frameworks */ = {
			isa = PBXFrameworksBuildPhase;
			buildActionMask = 2147483647;
			files = (
			);
			runOnlyForDeploymentPostprocessing = 0;
		};
/* End PBXFrameworksBuildPhase section */

/* Begin PBXGroup section */
		04CE72EE0FE62794B98F9CF4 /* Frameworks */ = {
			isa = PBXGroup;
			children = (
				73B76CA77273FFE3B2DDA055 /* Pods_SWSG.framework */,
			);
			name = Frameworks;
			sourceTree = "<group>";
		};
		3F12AFBE1E711CBA00B26D67 = {
			isa = PBXGroup;
			children = (
				3F12AFC91E711CBB00B26D67 /* SWSG */,
				CCDCCD791E7D6E7600931AC0 /* SWSGTests */,
				3F12AFC81E711CBB00B26D67 /* Products */,
				C1C6919BF5B423AE17FF71BC /* Pods */,
				04CE72EE0FE62794B98F9CF4 /* Frameworks */,
			);
			sourceTree = "<group>";
		};
		3F12AFC81E711CBB00B26D67 /* Products */ = {
			isa = PBXGroup;
			children = (
				3F12AFC71E711CBB00B26D67 /* SWSG.app */,
				CCDCCD781E7D6E7600931AC0 /* SWSGTests.xctest */,
			);
			name = Products;
			sourceTree = "<group>";
		};
		3F12AFC91E711CBB00B26D67 /* SWSG */ = {
			isa = PBXGroup;
			children = (
				E348D5621E840CB000947B3F /* IdeasVotingPlatform */,
				E3220C631E7D380A008AFA85 /* TeamRegistration */,
				E3220C271E796AD1008AFA85 /* EventSystem */,
				3F9795641E7A8E48004BC26C /* Login & Sign Up */,
				CC1CF8A11E7C028D002224BC /* Profile */,
				CC0032931E7CF66D00CF190E /* Settings */,
				3FED301D1E779A2100C007AD /* Menu */,
				3FED302B1E77A5FA00C007AD /* Mentor */,
				3FED302A1E77A5F300C007AD /* Model */,
				3F408CC51E83BE6B00E2B787 /* Chat */,
				C28B2ED61E865FC900F6DD67 /* Firebase */,
				CC5F1C591E86270D006A5322 /* Information */,
				CC168B2F1E7FBF4C00F8725A /* UI Supporting */,
				3FED301E1E779A7300C007AD /* Main.storyboard */,
				3F12AFD61E711CBB00B26D67 /* LaunchScreen.storyboard */,
				3F12AFCA1E711CBB00B26D67 /* AppDelegate.swift */,
				3F12AFCC1E711CBB00B26D67 /* HomeViewController.swift */,
				3F408CC31E83BB8200E2B787 /* GoogleService-Info.plist */,
				3F12AFD91E711CBB00B26D67 /* Info.plist */,
				3F12AFD11E711CBB00B26D67 /* SWSG.xcdatamodeld */,
				3F12AFD41E711CBB00B26D67 /* Assets.xcassets */,
				CC4CBC4A1E94F01A00179969 /* bridgingHeader.h */,
			);
			path = SWSG;
			sourceTree = "<group>";
		};
		3F178FF11E99068400057929 /* Backend */ = {
			isa = PBXGroup;
			children = (
				3F178FF21E99069E00057929 /* FBRequest.swift */,
			);
			name = Backend;
			sourceTree = "<group>";
		};
		3F408CC51E83BE6B00E2B787 /* Chat */ = {
			isa = PBXGroup;
			children = (
				3F408CC61E83BEA000E2B787 /* Chat.storyboard */,
				3F408CC81E83C06900E2B787 /* ChannelCell.swift */,
				3FC621981E9542AB00661305 /* MemberCell.swift */,
				3F408CCA1E83C12C00E2B787 /* ChannelListViewController.swift */,
				3FC6219E1E96525300661305 /* ChannelInfoViewController.swift */,
				3F408CD11E83E50D00E2B787 /* CreateChannelViewController.swift */,
				3F408CD31E83FEDA00E2B787 /* ChannelViewController.swift */,
			);
			name = Chat;
			sourceTree = "<group>";
		};
		3F408CCC1E83C1D900E2B787 /* Chat */ = {
			isa = PBXGroup;
			children = (
				3F408CCD1E83C1F100E2B787 /* Channel.swift */,
				3FC6219A1E95DCD100661305 /* ChannelType.swift */,
				3F408CCF1E83C27E00E2B787 /* Message.swift */,
			);
			name = Chat;
			sourceTree = "<group>";
		};
		3F9795641E7A8E48004BC26C /* Login & Sign Up */ = {
			isa = PBXGroup;
			children = (
				3F97952D1E7A8DBF004BC26C /* LoginSignup.storyboard */,
				3F97952C1E7A8DBF004BC26C /* InitialViewController.swift */,
				3F97952E1E7A8DBF004BC26C /* LoginViewController.swift */,
				3F97953A1E7A8DBF004BC26C /* SignUpTableViewController.swift */,
				3F97953B1E7A8DBF004BC26C /* SignUpViewController.swift */,
			);
			name = "Login & Sign Up";
			sourceTree = "<group>";
		};
		3F9795651E7A8FFE004BC26C /* Utilities */ = {
			isa = PBXGroup;
			children = (
				3F9795231E7A8DBF004BC26C /* Config.swift */,
				3F97952A1E7A8DBF004BC26C /* Extensions.swift */,
				3F9795681E7A932D004BC26C /* System.swift */,
				3FE72F051E7E3BF5007FD55C /* Storage.swift */,
				3F9795421E7A8DBF004BC26C /* Utility.swift */,
			);
			name = Utilities;
			sourceTree = "<group>";
		};
		3F9795661E7A9005004BC26C /* Mentor */ = {
			isa = PBXGroup;
			children = (
				3FC314631E77DD21009B21AB /* ConsultationSlot.swift */,
				3FC3146B1E7A5017009B21AB /* ConsultationDate.swift */,
				3FC314651E77DD7D009B21AB /* ConsultationSlotStatus.swift */,
				3F97956A1E7A98AC004BC26C /* Field.swift */,
			);
			name = Mentor;
			sourceTree = "<group>";
		};
		3F9795671E7A9010004BC26C /* Users */ = {
			isa = PBXGroup;
			children = (
				3F97951E1E7A6A58004BC26C /* Team.swift */,
				3FED30281E77A5CB00C007AD /* Mentor.swift */,
				3F9482B01E7E3DDC00016259 /* Profile.swift */,
				3F9482B11E7E3DDC00016259 /* User.swift */,
				E3220C461E7B9776008AFA85 /* UserTypes.swift */,
				3F178FEF1E98D7A600057929 /* FBUser.swift */,
			);
			name = Users;
			sourceTree = "<group>";
		};
		3FED301D1E779A2100C007AD /* Menu */ = {
			isa = PBXGroup;
			children = (
				3F12AFCE1E711CBB00B26D67 /* Menu.storyboard */,
				3FED30151E76FA0A00C007AD /* MenuViewController.swift */,
				3FED301B1E77930200C007AD /* BaseViewController.swift */,
				3FED30171E76FBCE00C007AD /* MenuItems.swift */,
				E3220C481E7B98CA008AFA85 /* MenuCell.swift */,
			);
			name = Menu;
			sourceTree = "<group>";
		};
		3FED302A1E77A5F300C007AD /* Model */ = {
			isa = PBXGroup;
			children = (
				3F178FF11E99068400057929 /* Backend */,
				CC507F271E96695A006432FC /* Information */,
				CC6CB12E1E90FC2F00C71793 /* Idea */,
				3F408CCC1E83C1D900E2B787 /* Chat */,
				3F9795651E7A8FFE004BC26C /* Utilities */,
				3F9795671E7A9010004BC26C /* Users */,
				3F9795661E7A9005004BC26C /* Mentor */,
			);
			name = Model;
			sourceTree = "<group>";
		};
		3FED302B1E77A5FA00C007AD /* Mentor */ = {
			isa = PBXGroup;
			children = (
				3FED30201E77A15300C007AD /* Mentor.storyboard */,
				3FED30221E77A2D400C007AD /* MentorCell.swift */,
				3FC3145F1E77DB90009B21AB /* ConsultationDayCell.swift */,
				3FC314611E77DBAD009B21AB /* ConsultationSlotCell.swift */,
				3FC314691E77EB84009B21AB /* MentorViewController.swift */,
				3FED30241E77A37300C007AD /* MentorGridViewController.swift */,
			);
			name = Mentor;
			sourceTree = "<group>";
		};
		C1C6919BF5B423AE17FF71BC /* Pods */ = {
			isa = PBXGroup;
			children = (
				D10F394E4FBA1737EB4DE222 /* Pods-SWSG.debug.xcconfig */,
				DFCC36B382986C1C835AE36B /* Pods-SWSG.release.xcconfig */,
			);
			name = Pods;
			sourceTree = "<group>";
		};
		C28B2ED61E865FC900F6DD67 /* Firebase */ = {
			isa = PBXGroup;
			children = (
				C28B2ED71E86601300F6DD67 /* FirebaseClient.swift */,
				C28B2ED91E86665000F6DD67 /* FirebaseError.swift */,
			);
			name = Firebase;
			sourceTree = "<group>";
		};
		CC0032931E7CF66D00CF190E /* Settings */ = {
			isa = PBXGroup;
			children = (
				CC0032941E7CF68500CF190E /* Settings.storyboard */,
				CC0032911E7CF65D00CF190E /* SettingsTableViewController.swift */,
			);
			name = Settings;
			sourceTree = "<group>";
		};
		CC168B2F1E7FBF4C00F8725A /* UI Supporting */ = {
			isa = PBXGroup;
			children = (
				E348D56D1E8415C500947B3F /* SegueFromRight.swift */,
				CC1F15391E8F8C7000293488 /* DescriptionTableViewCell.swift */,
				3F3284221E92185B0062490D /* MultiDirectionCollectionViewLayout.swift */,
				CC95008A1E8639B400EC871F /* PhotoPageViewController.swift */,
				CC95008C1E8639CB00EC871F /* PhotoContentViewController.swift */,
				CCE7DDDD1E8B757E0044A863 /* PhotoTableViewCell.swift */,
				CCE7DDDF1E8B760C0044A863 /* VideoLinkTableViewCell.swift */,
				CC9500881E86398F00EC871F /* TemplateViewController.swift */,
				CCE7DDD91E8A4E440044A863 /* TemplateEditViewController.swift */,
				E3220C4E1E7B99CF008AFA85 /* UISubclasses.swift */,
				CC168B2B1E7E8C5800F8725A /* UISupporting.storyboard */,
				CC168B2D1E7E8E4600F8725A /* ImageCropperViewController.swift */,
				CC8A4E111E8CB5C3005E2AC5 /* ImagePickerViewController.swift */,
				3FC6219C1E95EED700661305 /* ImagePickerPopoverViewController.swift */,
				CCE7DDE11E8BF5030044A863 /* LPRTableView.swift */,
				CC507F2E1E96908B006432FC /* FullScreenImageViewController.swift */,
			);
			name = "UI Supporting";
			sourceTree = "<group>";
		};
		CC1CF8A11E7C028D002224BC /* Profile */ = {
			isa = PBXGroup;
			children = (
				CC1CF8A91E7C137A002224BC /* ProfileItems.swift */,
				CC1CF8A71E7C09CD002224BC /* ProfileViewController.swift */,
				CC1CF8A21E7C03DA002224BC /* Profile.storyboard */,
				CC1CF8AF1E7C2009002224BC /* EditProfileTableViewController.swift */,
				CC1CF8AD1E7C1ED6002224BC /* EditProfileViewController.swift */,
				CC1CF8AB1E7C178A002224BC /* ProfileTableViewCell.swift */,
			);
			name = Profile;
			sourceTree = "<group>";
		};
		CC507F271E96695A006432FC /* Information */ = {
			isa = PBXGroup;
			children = (
				CC507F2A1E96697F006432FC /* People.swift */,
				CC507F2C1E967124006432FC /* Person.swift */,
			);
			name = Information;
			sourceTree = "<group>";
		};
		CC5F1C591E86270D006A5322 /* Information */ = {
			isa = PBXGroup;
			children = (
				CC5F1C5C1E8630F1006A5322 /* InformationCell.swift */,
				CC5F1C571E862704006A5322 /* InformationViewController.swift */,
				CC7A4AF71E876F4F00BC8A4B /* PeopleTableViewCell.swift */,
				CC7A4AF91E87700800BC8A4B /* InformationHeaderTableViewCell.swift */,
				CC5F1C5A1E863044006A5322 /* Information.storyboard */,
				CC7A4B0F1E88A78C00BC8A4B /* SponsorsTableViewCell.swift */,
				CC7A4B131E88B0D800BC8A4B /* SponsorsViewController.swift */,
				CC7A4B151E88BB6600BC8A4B /* SponsorsInfo.swift */,
				CC7A4B111E88A85F00BC8A4B /* SponsorsTitleTableViewCell.swift */,
				CC95008E1E863CAF00EC871F /* OverviewContent.swift */,
				CC6CB12C1E90F99B00C71793 /* OverviewViewController.swift */,
				CC7A4AFD1E87807700BC8A4B /* PeopleViewController.swift */,
				CC7A4B0B1E888C5D00BC8A4B /* FaqInfo.swift */,
				CC7A4B091E888C4200BC8A4B /* FaqViewController.swift */,
				CC7A4B0D1E888E7E00BC8A4B /* FaqTableViewCell.swift */,
				CC6CB12F1E91029600C71793 /* OverviewEditViewController.swift */,
			);
			name = Information;
			sourceTree = "<group>";
		};
		CC6CB12E1E90FC2F00C71793 /* Idea */ = {
			isa = PBXGroup;
			children = (
				E348D56F1E841E2900947B3F /* Idea.swift */,
				E348D5711E841E3000947B3F /* Ideas.swift */,
			);
			name = Idea;
			sourceTree = "<group>";
		};
		CCDCCD791E7D6E7600931AC0 /* SWSGTests */ = {
			isa = PBXGroup;
			children = (
				CCDCCD7A1E7D6E7600931AC0 /* UtilityTests.swift */,
				CCDCCD7C1E7D6E7600931AC0 /* Info.plist */,
			);
			path = SWSGTests;
			sourceTree = "<group>";
		};
		E3220C271E796AD1008AFA85 /* EventSystem */ = {
			isa = PBXGroup;
			children = (
				E3220C281E796BC0008AFA85 /* EventSystem.storyboard */,
				E355BB8B1E97C657002E29DD /* CreateEventTableViewController.swift */,
				E355BB891E951A2C002E29DD /* EventListPageViewController.swift */,
				E348D5791E895E8300947B3F /* EventCalendarViewController.swift */,
				E348D57D1E8A828900947B3F /* PinkSectionHeaderView.xib */,
				E348D57F1E8A830900947B3F /* CalendarHeaderView.swift */,
				E348D5771E895D7C00947B3F /* CalendarCell.swift */,
				E348D5731E895CD700947B3F /* CalendarCellView.xib */,
				E3220C341E7A8D0B008AFA85 /* EventDetailsTableViewController.swift */,
				E3220C2A1E796C7B008AFA85 /* EventScheduleViewController.swift */,
				E3220C2C1E796CB8008AFA85 /* EventScheduleTableViewCell.swift */,
				E3220C3A1E7AE387008AFA85 /* EventImageTableViewCell.swift */,
				E3220C3C1E7AE39D008AFA85 /* EventTimeTableViewCell.swift */,
				E3220C3E1E7AE3A9008AFA85 /* EventVenueTableViewCell.swift */,
				E3220C401E7AE3C6008AFA85 /* EventDetailTableViewCell.swift */,
				E3220C441E7AF088008AFA85 /* EventHeaderTableViewCell.swift */,
				E3220C421E7AE40B008AFA85 /* CommentsTableViewCell.swift */,
				E3220C501E7BA903008AFA85 /* CommentsInputTableViewCell.swift */,
				E3220C321E7A62F9008AFA85 /* Events.swift */,
				E3220C541E7BABA5008AFA85 /* Comments.swift */,
				E3220C301E7A3B99008AFA85 /* Event.swift */,
				E3220C521E7BAAC5008AFA85 /* Comment.swift */,
			);
			name = EventSystem;
			sourceTree = "<group>";
		};
		E3220C631E7D380A008AFA85 /* TeamRegistration */ = {
			isa = PBXGroup;
			children = (
				E3220C641E7D3822008AFA85 /* TeamRegistration.storyboard */,
				E355BB811E94E243002E29DD /* TagCell.xib */,
				E355BB831E94E399002E29DD /* TagCell.swift */,
				E3F1378E1E827BF600E26394 /* SectionHeaderTableViewCell.swift */,
				E3F137901E827C0500E26394 /* TeamMemberTableViewCell.swift */,
				E3F137921E827C1700E26394 /* TeamLookingForTableViewCell.swift */,
				E3220C6E1E7D7B2D008AFA85 /* TeamInfoTableViewController.swift */,
				E3220C6C1E7D6B40008AFA85 /* TeamCreateTableViewController.swift */,
				E3220C661E7D385B008AFA85 /* TeamRegistrationTableViewController.swift */,
				E3220C681E7D3ADC008AFA85 /* TeamItemTableViewCell.swift */,
				E3220C6A1E7D3D25008AFA85 /* Teams.swift */,
			);
			name = TeamRegistration;
			sourceTree = "<group>";
		};
		E348D5621E840CB000947B3F /* IdeasVotingPlatform */ = {
			isa = PBXGroup;
			children = (
				E348D5631E840CC700947B3F /* Ideas.storyboard */,
				E348D56B1E840F1100947B3F /* IdeaItemTableViewCell.swift */,
				E348D5651E840D3500947B3F /* IdeasListTableViewController.swift */,
				E348D5671E840D6100947B3F /* IdeaDetailsTableViewController.swift */,
				E348D5691E840D8B00947B3F /* IdeaPostTableViewController.swift */,
			);
			name = IdeasVotingPlatform;
			sourceTree = "<group>";
		};
/* End PBXGroup section */

/* Begin PBXNativeTarget section */
		3F12AFC61E711CBA00B26D67 /* SWSG */ = {
			isa = PBXNativeTarget;
			buildConfigurationList = 3F12AFDC1E711CBB00B26D67 /* Build configuration list for PBXNativeTarget "SWSG" */;
			buildPhases = (
				9A84A77B6DAA3778924A063F /* [CP] Check Pods Manifest.lock */,
				3F12AFC31E711CBA00B26D67 /* Sources */,
				3F12AFC41E711CBA00B26D67 /* Frameworks */,
				3F12AFC51E711CBA00B26D67 /* Resources */,
				5FA9AE0AB8ED29A4FA3A93BB /* [CP] Embed Pods Frameworks */,
				D70A438486D08F460E5F24B5 /* [CP] Copy Pods Resources */,
			);
			buildRules = (
			);
			dependencies = (
			);
			name = SWSG;
			productName = SWSG;
			productReference = 3F12AFC71E711CBB00B26D67 /* SWSG.app */;
			productType = "com.apple.product-type.application";
		};
		CCDCCD771E7D6E7600931AC0 /* SWSGTests */ = {
			isa = PBXNativeTarget;
			buildConfigurationList = CCDCCD811E7D6E7600931AC0 /* Build configuration list for PBXNativeTarget "SWSGTests" */;
			buildPhases = (
				CCDCCD741E7D6E7600931AC0 /* Sources */,
				CCDCCD751E7D6E7600931AC0 /* Frameworks */,
				CCDCCD761E7D6E7600931AC0 /* Resources */,
			);
			buildRules = (
			);
			dependencies = (
				CCDCCD7E1E7D6E7600931AC0 /* PBXTargetDependency */,
			);
			name = SWSGTests;
			productName = SWSGTests;
			productReference = CCDCCD781E7D6E7600931AC0 /* SWSGTests.xctest */;
			productType = "com.apple.product-type.bundle.unit-test";
		};
/* End PBXNativeTarget section */

/* Begin PBXProject section */
		3F12AFBF1E711CBA00B26D67 /* Project object */ = {
			isa = PBXProject;
			attributes = {
				LastSwiftUpdateCheck = 0820;
				LastUpgradeCheck = 0820;
				ORGANIZATIONNAME = nus.cs3217.swsg;
				TargetAttributes = {
					3F12AFC61E711CBA00B26D67 = {
						CreatedOnToolsVersion = 8.2.1;
						DevelopmentTeam = W76H98A34A;
						ProvisioningStyle = Automatic;
					};
					CCDCCD771E7D6E7600931AC0 = {
						CreatedOnToolsVersion = 8.2.1;
						ProvisioningStyle = Automatic;
						TestTargetID = 3F12AFC61E711CBA00B26D67;
					};
				};
			};
			buildConfigurationList = 3F12AFC21E711CBA00B26D67 /* Build configuration list for PBXProject "SWSG" */;
			compatibilityVersion = "Xcode 3.2";
			developmentRegion = English;
			hasScannedForEncodings = 0;
			knownRegions = (
				en,
				Base,
			);
			mainGroup = 3F12AFBE1E711CBA00B26D67;
			productRefGroup = 3F12AFC81E711CBB00B26D67 /* Products */;
			projectDirPath = "";
			projectRoot = "";
			targets = (
				3F12AFC61E711CBA00B26D67 /* SWSG */,
				CCDCCD771E7D6E7600931AC0 /* SWSGTests */,
			);
		};
/* End PBXProject section */

/* Begin PBXResourcesBuildPhase section */
		3F12AFC51E711CBA00B26D67 /* Resources */ = {
			isa = PBXResourcesBuildPhase;
			buildActionMask = 2147483647;
			files = (
				3F12AFD81E711CBB00B26D67 /* LaunchScreen.storyboard in Resources */,
				E348D57E1E8A828900947B3F /* PinkSectionHeaderView.xib in Resources */,
				E3220C291E796BC0008AFA85 /* EventSystem.storyboard in Resources */,
				CC1CF8A41E7C03DA002224BC /* Profile.storyboard in Resources */,
				3F12AFD51E711CBB00B26D67 /* Assets.xcassets in Resources */,
				3FED30211E77A15300C007AD /* Mentor.storyboard in Resources */,
				E348D5641E840CC700947B3F /* Ideas.storyboard in Resources */,
				E3220C651E7D3822008AFA85 /* TeamRegistration.storyboard in Resources */,
				3F12AFD01E711CBB00B26D67 /* Menu.storyboard in Resources */,
				3F408CC71E83BEA000E2B787 /* Chat.storyboard in Resources */,
				CC168B2C1E7E8C5800F8725A /* UISupporting.storyboard in Resources */,
				E348D5741E895CD700947B3F /* CalendarCellView.xib in Resources */,
				E355BB821E94E244002E29DD /* TagCell.xib in Resources */,
				CC0032951E7CF68500CF190E /* Settings.storyboard in Resources */,
				3F408CC41E83BB8200E2B787 /* GoogleService-Info.plist in Resources */,
				CC5F1C5B1E863044006A5322 /* Information.storyboard in Resources */,
				3F97954E1E7A8DBF004BC26C /* LoginSignup.storyboard in Resources */,
				3FED301F1E779A7300C007AD /* Main.storyboard in Resources */,
			);
			runOnlyForDeploymentPostprocessing = 0;
		};
		CCDCCD761E7D6E7600931AC0 /* Resources */ = {
			isa = PBXResourcesBuildPhase;
			buildActionMask = 2147483647;
			files = (
			);
			runOnlyForDeploymentPostprocessing = 0;
		};
/* End PBXResourcesBuildPhase section */

/* Begin PBXShellScriptBuildPhase section */
		5FA9AE0AB8ED29A4FA3A93BB /* [CP] Embed Pods Frameworks */ = {
			isa = PBXShellScriptBuildPhase;
			buildActionMask = 2147483647;
			files = (
			);
			inputPaths = (
			);
			name = "[CP] Embed Pods Frameworks";
			outputPaths = (
			);
			runOnlyForDeploymentPostprocessing = 0;
			shellPath = /bin/sh;
			shellScript = "\"${SRCROOT}/Pods/Target Support Files/Pods-SWSG/Pods-SWSG-frameworks.sh\"\n";
			showEnvVarsInLog = 0;
		};
		9A84A77B6DAA3778924A063F /* [CP] Check Pods Manifest.lock */ = {
			isa = PBXShellScriptBuildPhase;
			buildActionMask = 2147483647;
			files = (
			);
			inputPaths = (
			);
			name = "[CP] Check Pods Manifest.lock";
			outputPaths = (
			);
			runOnlyForDeploymentPostprocessing = 0;
			shellPath = /bin/sh;
			shellScript = "diff \"${PODS_ROOT}/../Podfile.lock\" \"${PODS_ROOT}/Manifest.lock\" > /dev/null\nif [ $? != 0 ] ; then\n    # print error to STDERR\n    echo \"error: The sandbox is not in sync with the Podfile.lock. Run 'pod install' or update your CocoaPods installation.\" >&2\n    exit 1\nfi\n";
			showEnvVarsInLog = 0;
		};
		D70A438486D08F460E5F24B5 /* [CP] Copy Pods Resources */ = {
			isa = PBXShellScriptBuildPhase;
			buildActionMask = 2147483647;
			files = (
			);
			inputPaths = (
			);
			name = "[CP] Copy Pods Resources";
			outputPaths = (
			);
			runOnlyForDeploymentPostprocessing = 0;
			shellPath = /bin/sh;
			shellScript = "\"${SRCROOT}/Pods/Target Support Files/Pods-SWSG/Pods-SWSG-resources.sh\"\n";
			showEnvVarsInLog = 0;
		};
/* End PBXShellScriptBuildPhase section */

/* Begin PBXSourcesBuildPhase section */
		3F12AFC31E711CBA00B26D67 /* Sources */ = {
			isa = PBXSourcesBuildPhase;
			buildActionMask = 2147483647;
			files = (
				E355BB8A1E951A2C002E29DD /* EventListPageViewController.swift in Sources */,
				E355BB8C1E97C657002E29DD /* CreateEventTableViewController.swift in Sources */,
				3FED30231E77A2D400C007AD /* MentorCell.swift in Sources */,
				E348D5781E895D7C00947B3F /* CalendarCell.swift in Sources */,
				3FED30271E77A57600C007AD /* (null) in Sources */,
				3F97951F1E7A6A58004BC26C /* Team.swift in Sources */,
				CC1CF8AC1E7C178A002224BC /* ProfileTableViewCell.swift in Sources */,
				3F97955C1E7A8DBF004BC26C /* SignUpViewController.swift in Sources */,
				E3220C491E7B98CA008AFA85 /* MenuCell.swift in Sources */,
				CCE7DDDA1E8A4E440044A863 /* TemplateEditViewController.swift in Sources */,
				3F408CCB1E83C12C00E2B787 /* ChannelListViewController.swift in Sources */,
				3FC6219B1E95DCD100661305 /* ChannelType.swift in Sources */,
				CC168B2E1E7E8E4600F8725A /* ImageCropperViewController.swift in Sources */,
				E348D5801E8A830900947B3F /* CalendarHeaderView.swift in Sources */,
				3F97954D1E7A8DBF004BC26C /* InitialViewController.swift in Sources */,
				CC1F153A1E8F8C7000293488 /* DescriptionTableViewCell.swift in Sources */,
				E348D56A1E840D8B00947B3F /* IdeaPostTableViewController.swift in Sources */,
				E348D5701E841E2900947B3F /* Idea.swift in Sources */,
				CC7A4B141E88B0D800BC8A4B /* SponsorsViewController.swift in Sources */,
				CC7A4B161E88BB6600BC8A4B /* SponsorsInfo.swift in Sources */,
				CCE7DDE21E8BF5030044A863 /* LPRTableView.swift in Sources */,
				3F178FF31E99069E00057929 /* FBRequest.swift in Sources */,
				E3F137931E827C1700E26394 /* TeamLookingForTableViewCell.swift in Sources */,
				3F9795631E7A8DBF004BC26C /* Utility.swift in Sources */,
				E348D5661E840D3500947B3F /* IdeasListTableViewController.swift in Sources */,
				CC95008B1E8639B400EC871F /* PhotoPageViewController.swift in Sources */,
				3F12AFD31E711CBB00B26D67 /* SWSG.xcdatamodeld in Sources */,
				E3220C551E7BABA5008AFA85 /* Comments.swift in Sources */,
				E3220C3F1E7AE3A9008AFA85 /* EventVenueTableViewCell.swift in Sources */,
				CC7A4B0C1E888C5E00BC8A4B /* FaqInfo.swift in Sources */,
				CC1CF8A81E7C09CD002224BC /* ProfileViewController.swift in Sources */,
				E3220C3D1E7AE39D008AFA85 /* EventTimeTableViewCell.swift in Sources */,
				3F3284231E92185B0062490D /* MultiDirectionCollectionViewLayout.swift in Sources */,
				3F12AFCD1E711CBB00B26D67 /* HomeViewController.swift in Sources */,
				E3220C3B1E7AE387008AFA85 /* EventImageTableViewCell.swift in Sources */,
				E3220C671E7D385B008AFA85 /* TeamRegistrationTableViewController.swift in Sources */,
				CC7A4AF81E876F4F00BC8A4B /* PeopleTableViewCell.swift in Sources */,
				CC5F1C5D1E8630F1006A5322 /* InformationCell.swift in Sources */,
				E3220C451E7AF088008AFA85 /* EventHeaderTableViewCell.swift in Sources */,
				E348D5721E841E3000947B3F /* Ideas.swift in Sources */,
				CC6CB1301E91029600C71793 /* OverviewEditViewController.swift in Sources */,
				E3220C331E7A62F9008AFA85 /* Events.swift in Sources */,
				3F9482B21E7E3DDC00016259 /* Profile.swift in Sources */,
				3F178FF01E98D7A600057929 /* FBUser.swift in Sources */,
				E3220C311E7A3B99008AFA85 /* Event.swift in Sources */,
				CC1AA6C21E77C328004F5F95 /* (null) in Sources */,
				CC7A4AFA1E87700800BC8A4B /* InformationHeaderTableViewCell.swift in Sources */,
				E3220C6B1E7D3D25008AFA85 /* Teams.swift in Sources */,
				E348D56E1E8415C500947B3F /* SegueFromRight.swift in Sources */,
				E348D56C1E840F1100947B3F /* IdeaItemTableViewCell.swift in Sources */,
				E3F1378F1E827BF600E26394 /* SectionHeaderTableViewCell.swift in Sources */,
				C28B2ED81E86601300F6DD67 /* FirebaseClient.swift in Sources */,
				3FED301A1E76FC9A00C007AD /* (null) in Sources */,
				E3220C2D1E796CB8008AFA85 /* EventScheduleTableViewCell.swift in Sources */,
				CC7A4B0E1E888E7E00BC8A4B /* FaqTableViewCell.swift in Sources */,
				CC7A4B0A1E888C4200BC8A4B /* FaqViewController.swift in Sources */,
				3F408CD21E83E50D00E2B787 /* CreateChannelViewController.swift in Sources */,
				CC507F2D1E967124006432FC /* Person.swift in Sources */,
				E3220C6F1E7D7B2D008AFA85 /* TeamInfoTableViewController.swift in Sources */,
				E3220C431E7AE40B008AFA85 /* CommentsTableViewCell.swift in Sources */,
				CC1AA6C61E77C328004F5F95 /* (null) in Sources */,
				E3220C351E7A8D0B008AFA85 /* EventDetailsTableViewController.swift in Sources */,
				CC507F2F1E96908B006432FC /* FullScreenImageViewController.swift in Sources */,
				CC95008D1E8639CB00EC871F /* PhotoContentViewController.swift in Sources */,
				E348D57A1E895E8300947B3F /* EventCalendarViewController.swift in Sources */,
				CC7A4B101E88A78C00BC8A4B /* SponsorsTableViewCell.swift in Sources */,
				3F97954B1E7A8DBF004BC26C /* Extensions.swift in Sources */,
				3F97956B1E7A98AC004BC26C /* Field.swift in Sources */,
				3FED30251E77A37300C007AD /* MentorGridViewController.swift in Sources */,
				3F97954F1E7A8DBF004BC26C /* LoginViewController.swift in Sources */,
				CC1CF8B01E7C2009002224BC /* EditProfileTableViewController.swift in Sources */,
				CC5F1C581E862704006A5322 /* InformationViewController.swift in Sources */,
				3FC314621E77DBAD009B21AB /* ConsultationSlotCell.swift in Sources */,
				CC6CB12D1E90F99B00C71793 /* OverviewViewController.swift in Sources */,
				3F9795611E7A8DBF004BC26C /* (null) in Sources */,
				3FC3146A1E77EB84009B21AB /* MentorViewController.swift in Sources */,
				3FC314601E77DB90009B21AB /* ConsultationDayCell.swift in Sources */,
				CC1CF8AE1E7C1ED6002224BC /* EditProfileViewController.swift in Sources */,
				CC0032921E7CF65D00CF190E /* SettingsTableViewController.swift in Sources */,
				CCE7DDE01E8B760C0044A863 /* VideoLinkTableViewCell.swift in Sources */,
				3F97955B1E7A8DBF004BC26C /* SignUpTableViewController.swift in Sources */,
				E3220C691E7D3ADC008AFA85 /* TeamItemTableViewCell.swift in Sources */,
				E348D5681E840D6100947B3F /* IdeaDetailsTableViewController.swift in Sources */,
				C28B2EDA1E86665000F6DD67 /* FirebaseError.swift in Sources */,
				3FC3146C1E7A5017009B21AB /* ConsultationDate.swift in Sources */,
				E3220C471E7B9776008AFA85 /* UserTypes.swift in Sources */,
				CC95008F1E863CAF00EC871F /* OverviewContent.swift in Sources */,
				E3F137911E827C0500E26394 /* TeamMemberTableViewCell.swift in Sources */,
				3F9795691E7A932D004BC26C /* System.swift in Sources */,
				3F408CD41E83FEDA00E2B787 /* ChannelViewController.swift in Sources */,
				3FE72F061E7E3BF5007FD55C /* Storage.swift in Sources */,
				E3220C531E7BAAC5008AFA85 /* Comment.swift in Sources */,
				E3220C4F1E7B99CF008AFA85 /* UISubclasses.swift in Sources */,
				CC507F2B1E96697F006432FC /* People.swift in Sources */,
				CC7A4AFE1E87807700BC8A4B /* PeopleViewController.swift in Sources */,
				3FED30181E76FBCE00C007AD /* MenuItems.swift in Sources */,
				3FC6219D1E95EED700661305 /* ImagePickerPopoverViewController.swift in Sources */,
				3F408CD01E83C27E00E2B787 /* Message.swift in Sources */,
				3F9795441E7A8DBF004BC26C /* Config.swift in Sources */,
				3F12AFCB1E711CBB00B26D67 /* AppDelegate.swift in Sources */,
				3FED30291E77A5CB00C007AD /* Mentor.swift in Sources */,
				CCE7DDDE1E8B757E0044A863 /* PhotoTableViewCell.swift in Sources */,
				E355BB841E94E399002E29DD /* TagCell.swift in Sources */,
				3FC314661E77DD7D009B21AB /* ConsultationSlotStatus.swift in Sources */,
				CC7A4B121E88A85F00BC8A4B /* SponsorsTitleTableViewCell.swift in Sources */,
				3FED301C1E77930200C007AD /* BaseViewController.swift in Sources */,
				CC1CF8AA1E7C137A002224BC /* ProfileItems.swift in Sources */,
				3F408CC91E83C06900E2B787 /* ChannelCell.swift in Sources */,
				3FC314641E77DD22009B21AB /* ConsultationSlot.swift in Sources */,
				CC9500891E86398F00EC871F /* TemplateViewController.swift in Sources */,
				CC8A4E121E8CB5C3005E2AC5 /* ImagePickerViewController.swift in Sources */,
				3FC6219F1E96525300661305 /* ChannelInfoViewController.swift in Sources */,
				3FED30161E76FA0A00C007AD /* MenuViewController.swift in Sources */,
				E3220C2B1E796C7B008AFA85 /* EventScheduleViewController.swift in Sources */,
				E3220C511E7BA903008AFA85 /* CommentsInputTableViewCell.swift in Sources */,
				E3220C6D1E7D6B40008AFA85 /* TeamCreateTableViewController.swift in Sources */,
				E3220C411E7AE3C6008AFA85 /* EventDetailTableViewCell.swift in Sources */,
				3FC621991E9542AB00661305 /* MemberCell.swift in Sources */,
				3F9482B31E7E3DDC00016259 /* User.swift in Sources */,
				3F408CCE1E83C1F100E2B787 /* Channel.swift in Sources */,
			);
			runOnlyForDeploymentPostprocessing = 0;
		};
		CCDCCD741E7D6E7600931AC0 /* Sources */ = {
			isa = PBXSourcesBuildPhase;
			buildActionMask = 2147483647;
			files = (
				CCDCCD7B1E7D6E7600931AC0 /* UtilityTests.swift in Sources */,
			);
			runOnlyForDeploymentPostprocessing = 0;
		};
/* End PBXSourcesBuildPhase section */

/* Begin PBXTargetDependency section */
		CCDCCD7E1E7D6E7600931AC0 /* PBXTargetDependency */ = {
			isa = PBXTargetDependency;
			target = 3F12AFC61E711CBA00B26D67 /* SWSG */;
			targetProxy = CCDCCD7D1E7D6E7600931AC0 /* PBXContainerItemProxy */;
		};
/* End PBXTargetDependency section */

/* Begin PBXVariantGroup section */
		3F12AFCE1E711CBB00B26D67 /* Menu.storyboard */ = {
			isa = PBXVariantGroup;
			children = (
				3F12AFCF1E711CBB00B26D67 /* Base */,
			);
			name = Menu.storyboard;
			sourceTree = "<group>";
		};
		3F12AFD61E711CBB00B26D67 /* LaunchScreen.storyboard */ = {
			isa = PBXVariantGroup;
			children = (
				3F12AFD71E711CBB00B26D67 /* Base */,
			);
			name = LaunchScreen.storyboard;
			sourceTree = "<group>";
		};
		CC1CF8A21E7C03DA002224BC /* Profile.storyboard */ = {
			isa = PBXVariantGroup;
			children = (
				CC1CF8A31E7C03DA002224BC /* Base */,
			);
			name = Profile.storyboard;
			sourceTree = "<group>";
		};
/* End PBXVariantGroup section */

/* Begin XCBuildConfiguration section */
		3F12AFDA1E711CBB00B26D67 /* Debug */ = {
			isa = XCBuildConfiguration;
			buildSettings = {
				ALWAYS_SEARCH_USER_PATHS = NO;
				CLANG_ANALYZER_NONNULL = YES;
				CLANG_CXX_LANGUAGE_STANDARD = "gnu++0x";
				CLANG_CXX_LIBRARY = "libc++";
				CLANG_ENABLE_MODULES = YES;
				CLANG_ENABLE_OBJC_ARC = YES;
				CLANG_WARN_BOOL_CONVERSION = YES;
				CLANG_WARN_CONSTANT_CONVERSION = YES;
				CLANG_WARN_DIRECT_OBJC_ISA_USAGE = YES_ERROR;
				CLANG_WARN_DOCUMENTATION_COMMENTS = YES;
				CLANG_WARN_EMPTY_BODY = YES;
				CLANG_WARN_ENUM_CONVERSION = YES;
				CLANG_WARN_INFINITE_RECURSION = YES;
				CLANG_WARN_INT_CONVERSION = YES;
				CLANG_WARN_OBJC_ROOT_CLASS = YES_ERROR;
				CLANG_WARN_SUSPICIOUS_MOVE = YES;
				CLANG_WARN_UNREACHABLE_CODE = YES;
				CLANG_WARN__DUPLICATE_METHOD_MATCH = YES;
				"CODE_SIGN_IDENTITY[sdk=iphoneos*]" = "iPhone Developer";
				COPY_PHASE_STRIP = NO;
				DEBUG_INFORMATION_FORMAT = dwarf;
				ENABLE_STRICT_OBJC_MSGSEND = YES;
				ENABLE_TESTABILITY = YES;
				GCC_C_LANGUAGE_STANDARD = gnu99;
				GCC_DYNAMIC_NO_PIC = NO;
				GCC_NO_COMMON_BLOCKS = YES;
				GCC_OPTIMIZATION_LEVEL = 0;
				GCC_PREPROCESSOR_DEFINITIONS = (
					"DEBUG=1",
					"$(inherited)",
				);
				GCC_WARN_64_TO_32_BIT_CONVERSION = YES;
				GCC_WARN_ABOUT_RETURN_TYPE = YES_ERROR;
				GCC_WARN_UNDECLARED_SELECTOR = YES;
				GCC_WARN_UNINITIALIZED_AUTOS = YES_AGGRESSIVE;
				GCC_WARN_UNUSED_FUNCTION = YES;
				GCC_WARN_UNUSED_VARIABLE = YES;
				IPHONEOS_DEPLOYMENT_TARGET = 10.2;
				MTL_ENABLE_DEBUG_INFO = YES;
				ONLY_ACTIVE_ARCH = YES;
				SDKROOT = iphoneos;
				SWIFT_ACTIVE_COMPILATION_CONDITIONS = DEBUG;
				SWIFT_OPTIMIZATION_LEVEL = "-Onone";
			};
			name = Debug;
		};
		3F12AFDB1E711CBB00B26D67 /* Release */ = {
			isa = XCBuildConfiguration;
			buildSettings = {
				ALWAYS_SEARCH_USER_PATHS = NO;
				CLANG_ANALYZER_NONNULL = YES;
				CLANG_CXX_LANGUAGE_STANDARD = "gnu++0x";
				CLANG_CXX_LIBRARY = "libc++";
				CLANG_ENABLE_MODULES = YES;
				CLANG_ENABLE_OBJC_ARC = YES;
				CLANG_WARN_BOOL_CONVERSION = YES;
				CLANG_WARN_CONSTANT_CONVERSION = YES;
				CLANG_WARN_DIRECT_OBJC_ISA_USAGE = YES_ERROR;
				CLANG_WARN_DOCUMENTATION_COMMENTS = YES;
				CLANG_WARN_EMPTY_BODY = YES;
				CLANG_WARN_ENUM_CONVERSION = YES;
				CLANG_WARN_INFINITE_RECURSION = YES;
				CLANG_WARN_INT_CONVERSION = YES;
				CLANG_WARN_OBJC_ROOT_CLASS = YES_ERROR;
				CLANG_WARN_SUSPICIOUS_MOVE = YES;
				CLANG_WARN_UNREACHABLE_CODE = YES;
				CLANG_WARN__DUPLICATE_METHOD_MATCH = YES;
				"CODE_SIGN_IDENTITY[sdk=iphoneos*]" = "iPhone Developer";
				COPY_PHASE_STRIP = NO;
				DEBUG_INFORMATION_FORMAT = "dwarf-with-dsym";
				ENABLE_NS_ASSERTIONS = NO;
				ENABLE_STRICT_OBJC_MSGSEND = YES;
				GCC_C_LANGUAGE_STANDARD = gnu99;
				GCC_NO_COMMON_BLOCKS = YES;
				GCC_WARN_64_TO_32_BIT_CONVERSION = YES;
				GCC_WARN_ABOUT_RETURN_TYPE = YES_ERROR;
				GCC_WARN_UNDECLARED_SELECTOR = YES;
				GCC_WARN_UNINITIALIZED_AUTOS = YES_AGGRESSIVE;
				GCC_WARN_UNUSED_FUNCTION = YES;
				GCC_WARN_UNUSED_VARIABLE = YES;
				IPHONEOS_DEPLOYMENT_TARGET = 10.2;
				MTL_ENABLE_DEBUG_INFO = NO;
				SDKROOT = iphoneos;
				SWIFT_OPTIMIZATION_LEVEL = "-Owholemodule";
				VALIDATE_PRODUCT = YES;
			};
			name = Release;
		};
		3F12AFDD1E711CBB00B26D67 /* Debug */ = {
			isa = XCBuildConfiguration;
			baseConfigurationReference = D10F394E4FBA1737EB4DE222 /* Pods-SWSG.debug.xcconfig */;
			buildSettings = {
				ASSETCATALOG_COMPILER_APPICON_NAME = AppIcon;
				DEFINES_MODULE = YES;
				DEVELOPMENT_TEAM = W76H98A34A;
				INFOPLIST_FILE = SWSG/Info.plist;
				IPHONEOS_DEPLOYMENT_TARGET = 10.0;
				LD_RUNPATH_SEARCH_PATHS = "$(inherited) @executable_path/Frameworks";
				PRODUCT_BUNDLE_IDENTIFIER = nus.cs3217.swsg.SWSG;
				PRODUCT_NAME = "$(TARGET_NAME)";
				"SWIFT_OBJC_BRIDGING_HEADER[arch=*]" = ./SWSG/bridgingHeader.h;
				SWIFT_VERSION = 3.0;
				TARGETED_DEVICE_FAMILY = 1;
			};
			name = Debug;
		};
		3F12AFDE1E711CBB00B26D67 /* Release */ = {
			isa = XCBuildConfiguration;
			baseConfigurationReference = DFCC36B382986C1C835AE36B /* Pods-SWSG.release.xcconfig */;
			buildSettings = {
				ASSETCATALOG_COMPILER_APPICON_NAME = AppIcon;
				DEFINES_MODULE = YES;
				DEVELOPMENT_TEAM = W76H98A34A;
				INFOPLIST_FILE = SWSG/Info.plist;
				IPHONEOS_DEPLOYMENT_TARGET = 10.0;
				LD_RUNPATH_SEARCH_PATHS = "$(inherited) @executable_path/Frameworks";
				PRODUCT_BUNDLE_IDENTIFIER = nus.cs3217.swsg.SWSG;
				PRODUCT_NAME = "$(TARGET_NAME)";
				"SWIFT_OBJC_BRIDGING_HEADER[arch=*]" = ./SWSG/bridgingHeader.h;
				SWIFT_VERSION = 3.0;
				TARGETED_DEVICE_FAMILY = 1;
			};
			name = Release;
		};
		CCDCCD7F1E7D6E7600931AC0 /* Debug */ = {
			isa = XCBuildConfiguration;
			buildSettings = {
				BUNDLE_LOADER = "$(TEST_HOST)";
				INFOPLIST_FILE = SWSGTests/Info.plist;
				LD_RUNPATH_SEARCH_PATHS = "$(inherited) @executable_path/Frameworks @loader_path/Frameworks";
				PRODUCT_BUNDLE_IDENTIFIER = nus.cs3217.swsg.SWSGTests;
				PRODUCT_NAME = "$(TARGET_NAME)";
				SWIFT_VERSION = 3.0;
				TEST_HOST = "$(BUILT_PRODUCTS_DIR)/SWSG.app/SWSG";
			};
			name = Debug;
		};
		CCDCCD801E7D6E7600931AC0 /* Release */ = {
			isa = XCBuildConfiguration;
			buildSettings = {
				BUNDLE_LOADER = "$(TEST_HOST)";
				INFOPLIST_FILE = SWSGTests/Info.plist;
				LD_RUNPATH_SEARCH_PATHS = "$(inherited) @executable_path/Frameworks @loader_path/Frameworks";
				PRODUCT_BUNDLE_IDENTIFIER = nus.cs3217.swsg.SWSGTests;
				PRODUCT_NAME = "$(TARGET_NAME)";
				SWIFT_VERSION = 3.0;
				TEST_HOST = "$(BUILT_PRODUCTS_DIR)/SWSG.app/SWSG";
			};
			name = Release;
		};
/* End XCBuildConfiguration section */

/* Begin XCConfigurationList section */
		3F12AFC21E711CBA00B26D67 /* Build configuration list for PBXProject "SWSG" */ = {
			isa = XCConfigurationList;
			buildConfigurations = (
				3F12AFDA1E711CBB00B26D67 /* Debug */,
				3F12AFDB1E711CBB00B26D67 /* Release */,
			);
			defaultConfigurationIsVisible = 0;
			defaultConfigurationName = Release;
		};
		3F12AFDC1E711CBB00B26D67 /* Build configuration list for PBXNativeTarget "SWSG" */ = {
			isa = XCConfigurationList;
			buildConfigurations = (
				3F12AFDD1E711CBB00B26D67 /* Debug */,
				3F12AFDE1E711CBB00B26D67 /* Release */,
			);
			defaultConfigurationIsVisible = 0;
			defaultConfigurationName = Release;
		};
		CCDCCD811E7D6E7600931AC0 /* Build configuration list for PBXNativeTarget "SWSGTests" */ = {
			isa = XCConfigurationList;
			buildConfigurations = (
				CCDCCD7F1E7D6E7600931AC0 /* Debug */,
				CCDCCD801E7D6E7600931AC0 /* Release */,
			);
			defaultConfigurationIsVisible = 0;
			defaultConfigurationName = Release;
		};
/* End XCConfigurationList section */

/* Begin XCVersionGroup section */
		3F12AFD11E711CBB00B26D67 /* SWSG.xcdatamodeld */ = {
			isa = XCVersionGroup;
			children = (
				3F12AFD21E711CBB00B26D67 /* SWSG.xcdatamodel */,
			);
			currentVersion = 3F12AFD21E711CBB00B26D67 /* SWSG.xcdatamodel */;
			path = SWSG.xcdatamodeld;
			sourceTree = "<group>";
			versionGroupType = wrapper.xcdatamodel;
		};
/* End XCVersionGroup section */
	};
	rootObject = 3F12AFBF1E711CBA00B26D67 /* Project object */;
}
