// !$*UTF8*$!
{
	archiveVersion = 1;
	classes = {
	};
	objectVersion = 46;
	objects = {

/* Begin PBXBuildFile section */
		3F12AFCB1E711CBB00B26D67 /* AppDelegate.swift in Sources */ = {isa = PBXBuildFile; fileRef = 3F12AFCA1E711CBB00B26D67 /* AppDelegate.swift */; };
		3F12AFCD1E711CBB00B26D67 /* ViewController.swift in Sources */ = {isa = PBXBuildFile; fileRef = 3F12AFCC1E711CBB00B26D67 /* ViewController.swift */; };
		3F12AFD01E711CBB00B26D67 /* Main.storyboard in Resources */ = {isa = PBXBuildFile; fileRef = 3F12AFCE1E711CBB00B26D67 /* Main.storyboard */; };
		3F12AFD31E711CBB00B26D67 /* SWSG.xcdatamodeld in Sources */ = {isa = PBXBuildFile; fileRef = 3F12AFD11E711CBB00B26D67 /* SWSG.xcdatamodeld */; };
		3F12AFD51E711CBB00B26D67 /* Assets.xcassets in Resources */ = {isa = PBXBuildFile; fileRef = 3F12AFD41E711CBB00B26D67 /* Assets.xcassets */; };
		3F12AFD81E711CBB00B26D67 /* LaunchScreen.storyboard in Resources */ = {isa = PBXBuildFile; fileRef = 3F12AFD61E711CBB00B26D67 /* LaunchScreen.storyboard */; };
/* End PBXBuildFile section */

/* Begin PBXFileReference section */
		3F12AFC71E711CBB00B26D67 /* SWSG.app */ = {isa = PBXFileReference; explicitFileType = wrapper.application; includeInIndex = 0; path = SWSG.app; sourceTree = BUILT_PRODUCTS_DIR; };
		3F12AFCA1E711CBB00B26D67 /* AppDelegate.swift */ = {isa = PBXFileReference; lastKnownFileType = sourcecode.swift; path = AppDelegate.swift; sourceTree = "<group>"; };
		3F12AFCC1E711CBB00B26D67 /* ViewController.swift */ = {isa = PBXFileReference; lastKnownFileType = sourcecode.swift; path = ViewController.swift; sourceTree = "<group>"; };
		3F12AFCF1E711CBB00B26D67 /* Base */ = {isa = PBXFileReference; lastKnownFileType = file.storyboard; name = Base; path = Base.lproj/Main.storyboard; sourceTree = "<group>"; };
		3F12AFD21E711CBB00B26D67 /* SWSG.xcdatamodel */ = {isa = PBXFileReference; lastKnownFileType = wrapper.xcdatamodel; path = SWSG.xcdatamodel; sourceTree = "<group>"; };
		3F12AFD41E711CBB00B26D67 /* Assets.xcassets */ = {isa = PBXFileReference; lastKnownFileType = folder.assetcatalog; path = Assets.xcassets; sourceTree = "<group>"; };
		3F12AFD71E711CBB00B26D67 /* Base */ = {isa = PBXFileReference; lastKnownFileType = file.storyboard; name = Base; path = Base.lproj/LaunchScreen.storyboard; sourceTree = "<group>"; };
		3F12AFD91E711CBB00B26D67 /* Info.plist */ = {isa = PBXFileReference; lastKnownFileType = text.plist.xml; path = Info.plist; sourceTree = "<group>"; };
/* End PBXFileReference section */

/* Begin PBXFrameworksBuildPhase section */
		3F12AFC41E711CBA00B26D67 /* Frameworks */ = {
			isa = PBXFrameworksBuildPhase;
			buildActionMask = 2147483647;
			files = (
			);
			runOnlyForDeploymentPostprocessing = 0;
		};
/* End PBXFrameworksBuildPhase section */

/* Begin PBXGroup section */
		3F12AFBE1E711CBA00B26D67 = {
			isa = PBXGroup;
			children = (
				3F12AFC91E711CBB00B26D67 /* SWSG */,
				3F12AFC81E711CBB00B26D67 /* Products */,
			);
			sourceTree = "<group>";
		};
		3F12AFC81E711CBB00B26D67 /* Products */ = {
			isa = PBXGroup;
			children = (
				3F12AFC71E711CBB00B26D67 /* SWSG.app */,
			);
			name = Products;
			sourceTree = "<group>";
		};
		3F12AFC91E711CBB00B26D67 /* SWSG */ = {
			isa = PBXGroup;
			children = (
				3F12AFCA1E711CBB00B26D67 /* AppDelegate.swift */,
				3F12AFCC1E711CBB00B26D67 /* ViewController.swift */,
				3F12AFCE1E711CBB00B26D67 /* Main.storyboard */,
				3F12AFD41E711CBB00B26D67 /* Assets.xcassets */,
				3F12AFD61E711CBB00B26D67 /* LaunchScreen.storyboard */,
				3F12AFD91E711CBB00B26D67 /* Info.plist */,
				3F12AFD11E711CBB00B26D67 /* SWSG.xcdatamodeld */,
			);
			path = SWSG;
			sourceTree = "<group>";
		};
/* End PBXGroup section */

/* Begin PBXNativeTarget section */
		3F12AFC61E711CBA00B26D67 /* SWSG */ = {
			isa = PBXNativeTarget;
			buildConfigurationList = 3F12AFDC1E711CBB00B26D67 /* Build configuration list for PBXNativeTarget "SWSG" */;
			buildPhases = (
				3F12AFC31E711CBA00B26D67 /* Sources */,
				3F12AFC41E711CBA00B26D67 /* Frameworks */,
				3F12AFC51E711CBA00B26D67 /* Resources */,
			);
			buildRules = (
			);
			dependencies = (
			);
			name = SWSG;
			productName = SWSG;
			productReference = 3F12AFC71E711CBB00B26D67 /* SWSG.app */;
			productType = "com.apple.product-type.application";
		};
/* End PBXNativeTarget section */

/* Begin PBXProject section */
		3F12AFBF1E711CBA00B26D67 /* Project object */ = {
			isa = PBXProject;
			attributes = {
				LastSwiftUpdateCheck = 0820;
				LastUpgradeCheck = 0820;
				ORGANIZATIONNAME = nus.cs3217.swsg;
				TargetAttributes = {
					3F12AFC61E711CBA00B26D67 = {
						CreatedOnToolsVersion = 8.2.1;
						ProvisioningStyle = Automatic;
					};
				};
			};
			buildConfigurationList = 3F12AFC21E711CBA00B26D67 /* Build configuration list for PBXProject "SWSG" */;
			compatibilityVersion = "Xcode 3.2";
			developmentRegion = English;
			hasScannedForEncodings = 0;
			knownRegions = (
				en,
				Base,
			);
			mainGroup = 3F12AFBE1E711CBA00B26D67;
			productRefGroup = 3F12AFC81E711CBB00B26D67 /* Products */;
			projectDirPath = "";
			projectRoot = "";
			targets = (
				3F12AFC61E711CBA00B26D67 /* SWSG */,
			);
		};
/* End PBXProject section */

/* Begin PBXResourcesBuildPhase section */
		3F12AFC51E711CBA00B26D67 /* Resources */ = {
			isa = PBXResourcesBuildPhase;
			buildActionMask = 2147483647;
			files = (
				3F12AFD81E711CBB00B26D67 /* LaunchScreen.storyboard in Resources */,
				3F12AFD51E711CBB00B26D67 /* Assets.xcassets in Resources */,
				3F12AFD01E711CBB00B26D67 /* Main.storyboard in Resources */,
			);
			runOnlyForDeploymentPostprocessing = 0;
		};
/* End PBXResourcesBuildPhase section */

/* Begin PBXSourcesBuildPhase section */
		3F12AFC31E711CBA00B26D67 /* Sources */ = {
			isa = PBXSourcesBuildPhase;
			buildActionMask = 2147483647;
			files = (
				3F12AFD31E711CBB00B26D67 /* SWSG.xcdatamodeld in Sources */,
				3F12AFCD1E711CBB00B26D67 /* ViewController.swift in Sources */,
				3F12AFCB1E711CBB00B26D67 /* AppDelegate.swift in Sources */,
			);
			runOnlyForDeploymentPostprocessing = 0;
		};
/* End PBXSourcesBuildPhase section */

/* Begin PBXVariantGroup section */
		3F12AFCE1E711CBB00B26D67 /* Main.storyboard */ = {
			isa = PBXVariantGroup;
			children = (
				3F12AFCF1E711CBB00B26D67 /* Base */,
			);
			name = Main.storyboard;
			sourceTree = "<group>";
		};
		3F12AFD61E711CBB00B26D67 /* LaunchScreen.storyboard */ = {
			isa = PBXVariantGroup;
			children = (
				3F12AFD71E711CBB00B26D67 /* Base */,
			);
			name = LaunchScreen.storyboard;
			sourceTree = "<group>";
		};
/* End PBXVariantGroup section */

/* Begin XCBuildConfiguration section */
		3F12AFDA1E711CBB00B26D67 /* Debug */ = {
			isa = XCBuildConfiguration;
			buildSettings = {
				ALWAYS_SEARCH_USER_PATHS = NO;
				CLANG_ANALYZER_NONNULL = YES;
				CLANG_CXX_LANGUAGE_STANDARD = "gnu++0x";
				CLANG_CXX_LIBRARY = "libc++";
				CLANG_ENABLE_MODULES = YES;
				CLANG_ENABLE_OBJC_ARC = YES;
				CLANG_WARN_BOOL_CONVERSION = YES;
				CLANG_WARN_CONSTANT_CONVERSION = YES;
				CLANG_WARN_DIRECT_OBJC_ISA_USAGE = YES_ERROR;
				CLANG_WARN_DOCUMENTATION_COMMENTS = YES;
				CLANG_WARN_EMPTY_BODY = YES;
				CLANG_WARN_ENUM_CONVERSION = YES;
				CLANG_WARN_INFINITE_RECURSION = YES;
				CLANG_WARN_INT_CONVERSION = YES;
				CLANG_WARN_OBJC_ROOT_CLASS = YES_ERROR;
				CLANG_WARN_SUSPICIOUS_MOVE = YES;
				CLANG_WARN_UNREACHABLE_CODE = YES;
				CLANG_WARN__DUPLICATE_METHOD_MATCH = YES;
				"CODE_SIGN_IDENTITY[sdk=iphoneos*]" = "iPhone Developer";
				COPY_PHASE_STRIP = NO;
				DEBUG_INFORMATION_FORMAT = dwarf;
				ENABLE_STRICT_OBJC_MSGSEND = YES;
				ENABLE_TESTABILITY = YES;
				GCC_C_LANGUAGE_STANDARD = gnu99;
				GCC_DYNAMIC_NO_PIC = NO;
				GCC_NO_COMMON_BLOCKS = YES;
				GCC_OPTIMIZATION_LEVEL = 0;
				GCC_PREPROCESSOR_DEFINITIONS = (
					"DEBUG=1",
					"$(inherited)",
				);
				GCC_WARN_64_TO_32_BIT_CONVERSION = YES;
				GCC_WARN_ABOUT_RETURN_TYPE = YES_ERROR;
				GCC_WARN_UNDECLARED_SELECTOR = YES;
				GCC_WARN_UNINITIALIZED_AUTOS = YES_AGGRESSIVE;
				GCC_WARN_UNUSED_FUNCTION = YES;
				GCC_WARN_UNUSED_VARIABLE = YES;
				IPHONEOS_DEPLOYMENT_TARGET = 10.2;
				MTL_ENABLE_DEBUG_INFO = YES;
				ONLY_ACTIVE_ARCH = YES;
				SDKROOT = iphoneos;
				SWIFT_ACTIVE_COMPILATION_CONDITIONS = DEBUG;
				SWIFT_OPTIMIZATION_LEVEL = "-Onone";
			};
			name = Debug;
		};
		3F12AFDB1E711CBB00B26D67 /* Release */ = {
			isa = XCBuildConfiguration;
			buildSettings = {
				ALWAYS_SEARCH_USER_PATHS = NO;
				CLANG_ANALYZER_NONNULL = YES;
				CLANG_CXX_LANGUAGE_STANDARD = "gnu++0x";
				CLANG_CXX_LIBRARY = "libc++";
				CLANG_ENABLE_MODULES = YES;
				CLANG_ENABLE_OBJC_ARC = YES;
				CLANG_WARN_BOOL_CONVERSION = YES;
				CLANG_WARN_CONSTANT_CONVERSION = YES;
				CLANG_WARN_DIRECT_OBJC_ISA_USAGE = YES_ERROR;
				CLANG_WARN_DOCUMENTATION_COMMENTS = YES;
				CLANG_WARN_EMPTY_BODY = YES;
				CLANG_WARN_ENUM_CONVERSION = YES;
				CLANG_WARN_INFINITE_RECURSION = YES;
				CLANG_WARN_INT_CONVERSION = YES;
				CLANG_WARN_OBJC_ROOT_CLASS = YES_ERROR;
				CLANG_WARN_SUSPICIOUS_MOVE = YES;
				CLANG_WARN_UNREACHABLE_CODE = YES;
				CLANG_WARN__DUPLICATE_METHOD_MATCH = YES;
				"CODE_SIGN_IDENTITY[sdk=iphoneos*]" = "iPhone Developer";
				COPY_PHASE_STRIP = NO;
				DEBUG_INFORMATION_FORMAT = "dwarf-with-dsym";
				ENABLE_NS_ASSERTIONS = NO;
				ENABLE_STRICT_OBJC_MSGSEND = YES;
				GCC_C_LANGUAGE_STANDARD = gnu99;
				GCC_NO_COMMON_BLOCKS = YES;
				GCC_WARN_64_TO_32_BIT_CONVERSION = YES;
				GCC_WARN_ABOUT_RETURN_TYPE = YES_ERROR;
				GCC_WARN_UNDECLARED_SELECTOR = YES;
				GCC_WARN_UNINITIALIZED_AUTOS = YES_AGGRESSIVE;
				GCC_WARN_UNUSED_FUNCTION = YES;
				GCC_WARN_UNUSED_VARIABLE = YES;
				IPHONEOS_DEPLOYMENT_TARGET = 10.2;
				MTL_ENABLE_DEBUG_INFO = NO;
				SDKROOT = iphoneos;
				SWIFT_OPTIMIZATION_LEVEL = "-Owholemodule";
				VALIDATE_PRODUCT = YES;
			};
			name = Release;
		};
		3F12AFDD1E711CBB00B26D67 /* Debug */ = {
			isa = XCBuildConfiguration;
			buildSettings = {
				ASSETCATALOG_COMPILER_APPICON_NAME = AppIcon;
				INFOPLIST_FILE = SWSG/Info.plist;
				LD_RUNPATH_SEARCH_PATHS = "$(inherited) @executable_path/Frameworks";
				PRODUCT_BUNDLE_IDENTIFIER = nus.cs3217.swsg.SWSG;
				PRODUCT_NAME = "$(TARGET_NAME)";
				SWIFT_VERSION = 3.0;
			};
			name = Debug;
		};
		3F12AFDE1E711CBB00B26D67 /* Release */ = {
			isa = XCBuildConfiguration;
			buildSettings = {
				ASSETCATALOG_COMPILER_APPICON_NAME = AppIcon;
				INFOPLIST_FILE = SWSG/Info.plist;
				LD_RUNPATH_SEARCH_PATHS = "$(inherited) @executable_path/Frameworks";
				PRODUCT_BUNDLE_IDENTIFIER = nus.cs3217.swsg.SWSG;
				PRODUCT_NAME = "$(TARGET_NAME)";
				SWIFT_VERSION = 3.0;
			};
			name = Release;
		};
/* End XCBuildConfiguration section */

/* Begin XCConfigurationList section */
		3F12AFC21E711CBA00B26D67 /* Build configuration list for PBXProject "SWSG" */ = {
			isa = XCConfigurationList;
			buildConfigurations = (
				3F12AFDA1E711CBB00B26D67 /* Debug */,
				3F12AFDB1E711CBB00B26D67 /* Release */,
			);
			defaultConfigurationIsVisible = 0;
			defaultConfigurationName = Release;
		};
		3F12AFDC1E711CBB00B26D67 /* Build configuration list for PBXNativeTarget "SWSG" */ = {
			isa = XCConfigurationList;
			buildConfigurations = (
				3F12AFDD1E711CBB00B26D67 /* Debug */,
				3F12AFDE1E711CBB00B26D67 /* Release */,
			);
			defaultConfigurationIsVisible = 0;
		};
/* End XCConfigurationList section */

/* Begin XCVersionGroup section */
		3F12AFD11E711CBB00B26D67 /* SWSG.xcdatamodeld */ = {
			isa = XCVersionGroup;
			children = (
				3F12AFD21E711CBB00B26D67 /* SWSG.xcdatamodel */,
			);
			currentVersion = 3F12AFD21E711CBB00B26D67 /* SWSG.xcdatamodel */;
			path = SWSG.xcdatamodeld;
			sourceTree = "<group>";
			versionGroupType = wrapper.xcdatamodel;
		};
/* End XCVersionGroup section */
	};
	rootObject = 3F12AFBF1E711CBA00B26D67 /* Project object */;
}
